// !$*UTF8*$!
{
	archiveVersion = 1;
	classes = {
	};
	objectVersion = 46;
	objects = {

/* Begin PBXBuildFile section */
		EC263A3A1A9231D000BEEDF2 /* AppDelegate.swift in Sources */ = {isa = PBXBuildFile; fileRef = EC263A391A9231D000BEEDF2 /* AppDelegate.swift */; };
		EC263A3F1A9231D100BEEDF2 /* Main.storyboard in Resources */ = {isa = PBXBuildFile; fileRef = EC263A3D1A9231D100BEEDF2 /* Main.storyboard */; };
		EC263A411A9231D100BEEDF2 /* Images.xcassets in Resources */ = {isa = PBXBuildFile; fileRef = EC263A401A9231D100BEEDF2 /* Images.xcassets */; };
		EC263A441A9231D100BEEDF2 /* LaunchScreen.xib in Resources */ = {isa = PBXBuildFile; fileRef = EC263A421A9231D100BEEDF2 /* LaunchScreen.xib */; };
		EC263A501A9231D100BEEDF2 /* MotionSicknessTests.swift in Sources */ = {isa = PBXBuildFile; fileRef = EC263A4F1A9231D100BEEDF2 /* MotionSicknessTests.swift */; };
		EC263A5A1A9232DA00BEEDF2 /* TableViewController.swift in Sources */ = {isa = PBXBuildFile; fileRef = EC263A591A9232DA00BEEDF2 /* TableViewController.swift */; };
		EC263A5C1A924B5100BEEDF2 /* DeltaView.swift in Sources */ = {isa = PBXBuildFile; fileRef = EC263A5B1A924B5100BEEDF2 /* DeltaView.swift */; };
/* End PBXBuildFile section */

/* Begin PBXContainerItemProxy section */
		EC263A4A1A9231D100BEEDF2 /* PBXContainerItemProxy */ = {
			isa = PBXContainerItemProxy;
			containerPortal = EC263A2C1A9231D000BEEDF2 /* Project object */;
			proxyType = 1;
			remoteGlobalIDString = EC263A331A9231D000BEEDF2;
			remoteInfo = MotionSickness;
		};
/* End PBXContainerItemProxy section */

/* Begin PBXFileReference section */
		EC263A341A9231D000BEEDF2 /* MotionSickness.app */ = {isa = PBXFileReference; explicitFileType = wrapper.application; includeInIndex = 0; path = MotionSickness.app; sourceTree = BUILT_PRODUCTS_DIR; };
		EC263A381A9231D000BEEDF2 /* Info.plist */ = {isa = PBXFileReference; lastKnownFileType = text.plist.xml; path = Info.plist; sourceTree = "<group>"; };
		EC263A391A9231D000BEEDF2 /* AppDelegate.swift */ = {isa = PBXFileReference; lastKnownFileType = sourcecode.swift; path = AppDelegate.swift; sourceTree = "<group>"; };
		EC263A3E1A9231D100BEEDF2 /* Base */ = {isa = PBXFileReference; lastKnownFileType = file.storyboard; name = Base; path = Base.lproj/Main.storyboard; sourceTree = "<group>"; };
		EC263A401A9231D100BEEDF2 /* Images.xcassets */ = {isa = PBXFileReference; lastKnownFileType = folder.assetcatalog; path = Images.xcassets; sourceTree = "<group>"; };
		EC263A431A9231D100BEEDF2 /* Base */ = {isa = PBXFileReference; lastKnownFileType = file.xib; name = Base; path = Base.lproj/LaunchScreen.xib; sourceTree = "<group>"; };
		EC263A491A9231D100BEEDF2 /* MotionSicknessTests.xctest */ = {isa = PBXFileReference; explicitFileType = wrapper.cfbundle; includeInIndex = 0; path = MotionSicknessTests.xctest; sourceTree = BUILT_PRODUCTS_DIR; };
		EC263A4E1A9231D100BEEDF2 /* Info.plist */ = {isa = PBXFileReference; lastKnownFileType = text.plist.xml; path = Info.plist; sourceTree = "<group>"; };
		EC263A4F1A9231D100BEEDF2 /* MotionSicknessTests.swift */ = {isa = PBXFileReference; lastKnownFileType = sourcecode.swift; path = MotionSicknessTests.swift; sourceTree = "<group>"; };
		EC263A591A9232DA00BEEDF2 /* TableViewController.swift */ = {isa = PBXFileReference; fileEncoding = 4; lastKnownFileType = sourcecode.swift; path = TableViewController.swift; sourceTree = "<group>"; };
		EC263A5B1A924B5100BEEDF2 /* DeltaView.swift */ = {isa = PBXFileReference; fileEncoding = 4; lastKnownFileType = sourcecode.swift; path = DeltaView.swift; sourceTree = "<group>"; };
/* End PBXFileReference section */

/* Begin PBXFrameworksBuildPhase section */
		EC263A311A9231D000BEEDF2 /* Frameworks */ = {
			isa = PBXFrameworksBuildPhase;
			buildActionMask = 2147483647;
			files = (
			);
			runOnlyForDeploymentPostprocessing = 0;
		};
		EC263A461A9231D100BEEDF2 /* Frameworks */ = {
			isa = PBXFrameworksBuildPhase;
			buildActionMask = 2147483647;
			files = (
			);
			runOnlyForDeploymentPostprocessing = 0;
		};
/* End PBXFrameworksBuildPhase section */

/* Begin PBXGroup section */
		EC263A2B1A9231D000BEEDF2 = {
			isa = PBXGroup;
			children = (
				EC263A361A9231D000BEEDF2 /* MotionSickness */,
				EC263A4C1A9231D100BEEDF2 /* MotionSicknessTests */,
				EC263A351A9231D000BEEDF2 /* Products */,
			);
			sourceTree = "<group>";
		};
		EC263A351A9231D000BEEDF2 /* Products */ = {
			isa = PBXGroup;
			children = (
				EC263A341A9231D000BEEDF2 /* MotionSickness.app */,
				EC263A491A9231D100BEEDF2 /* MotionSicknessTests.xctest */,
			);
			name = Products;
			sourceTree = "<group>";
		};
		EC263A361A9231D000BEEDF2 /* MotionSickness */ = {
			isa = PBXGroup;
			children = (
				EC263A591A9232DA00BEEDF2 /* TableViewController.swift */,
				EC263A3D1A9231D100BEEDF2 /* Main.storyboard */,
				EC263A371A9231D000BEEDF2 /* Supporting Files */,
				EC263A5B1A924B5100BEEDF2 /* DeltaView.swift */,
			);
			path = MotionSickness;
			sourceTree = "<group>";
		};
		EC263A371A9231D000BEEDF2 /* Supporting Files */ = {
			isa = PBXGroup;
			children = (
				EC263A391A9231D000BEEDF2 /* AppDelegate.swift */,
				EC263A401A9231D100BEEDF2 /* Images.xcassets */,
				EC263A421A9231D100BEEDF2 /* LaunchScreen.xib */,
				EC263A381A9231D000BEEDF2 /* Info.plist */,
			);
			name = "Supporting Files";
			sourceTree = "<group>";
		};
		EC263A4C1A9231D100BEEDF2 /* MotionSicknessTests */ = {
			isa = PBXGroup;
			children = (
				EC263A4F1A9231D100BEEDF2 /* MotionSicknessTests.swift */,
				EC263A4D1A9231D100BEEDF2 /* Supporting Files */,
			);
			path = MotionSicknessTests;
			sourceTree = "<group>";
		};
		EC263A4D1A9231D100BEEDF2 /* Supporting Files */ = {
			isa = PBXGroup;
			children = (
				EC263A4E1A9231D100BEEDF2 /* Info.plist */,
			);
			name = "Supporting Files";
			sourceTree = "<group>";
		};
/* End PBXGroup section */

/* Begin PBXNativeTarget section */
		EC263A331A9231D000BEEDF2 /* MotionSickness */ = {
			isa = PBXNativeTarget;
			buildConfigurationList = EC263A531A9231D100BEEDF2 /* Build configuration list for PBXNativeTarget "MotionSickness" */;
			buildPhases = (
				EC263A301A9231D000BEEDF2 /* Sources */,
				EC263A311A9231D000BEEDF2 /* Frameworks */,
				EC263A321A9231D000BEEDF2 /* Resources */,
			);
			buildRules = (
			);
			dependencies = (
			);
			name = MotionSickness;
			productName = MotionSickness;
			productReference = EC263A341A9231D000BEEDF2 /* MotionSickness.app */;
			productType = "com.apple.product-type.application";
		};
		EC263A481A9231D100BEEDF2 /* MotionSicknessTests */ = {
			isa = PBXNativeTarget;
			buildConfigurationList = EC263A561A9231D100BEEDF2 /* Build configuration list for PBXNativeTarget "MotionSicknessTests" */;
			buildPhases = (
				EC263A451A9231D100BEEDF2 /* Sources */,
				EC263A461A9231D100BEEDF2 /* Frameworks */,
				EC263A471A9231D100BEEDF2 /* Resources */,
			);
			buildRules = (
			);
			dependencies = (
				EC263A4B1A9231D100BEEDF2 /* PBXTargetDependency */,
			);
			name = MotionSicknessTests;
			productName = MotionSicknessTests;
			productReference = EC263A491A9231D100BEEDF2 /* MotionSicknessTests.xctest */;
			productType = "com.apple.product-type.bundle.unit-test";
		};
/* End PBXNativeTarget section */

/* Begin PBXProject section */
		EC263A2C1A9231D000BEEDF2 /* Project object */ = {
			isa = PBXProject;
			attributes = {
				LastUpgradeCheck = 0610;
				ORGANIZATIONNAME = "Proximity Viz LLC";
				TargetAttributes = {
					EC263A331A9231D000BEEDF2 = {
						CreatedOnToolsVersion = 6.1.1;
					};
					EC263A481A9231D100BEEDF2 = {
						CreatedOnToolsVersion = 6.1.1;
						TestTargetID = EC263A331A9231D000BEEDF2;
					};
				};
			};
			buildConfigurationList = EC263A2F1A9231D000BEEDF2 /* Build configuration list for PBXProject "MotionSickness" */;
			compatibilityVersion = "Xcode 3.2";
			developmentRegion = English;
			hasScannedForEncodings = 0;
			knownRegions = (
				en,
				Base,
			);
			mainGroup = EC263A2B1A9231D000BEEDF2;
			productRefGroup = EC263A351A9231D000BEEDF2 /* Products */;
			projectDirPath = "";
			projectRoot = "";
			targets = (
				EC263A331A9231D000BEEDF2 /* MotionSickness */,
				EC263A481A9231D100BEEDF2 /* MotionSicknessTests */,
			);
		};
/* End PBXProject section */

/* Begin PBXResourcesBuildPhase section */
		EC263A321A9231D000BEEDF2 /* Resources */ = {
			isa = PBXResourcesBuildPhase;
			buildActionMask = 2147483647;
			files = (
				EC263A3F1A9231D100BEEDF2 /* Main.storyboard in Resources */,
				EC263A441A9231D100BEEDF2 /* LaunchScreen.xib in Resources */,
				EC263A411A9231D100BEEDF2 /* Images.xcassets in Resources */,
			);
			runOnlyForDeploymentPostprocessing = 0;
		};
		EC263A471A9231D100BEEDF2 /* Resources */ = {
			isa = PBXResourcesBuildPhase;
			buildActionMask = 2147483647;
			files = (
			);
			runOnlyForDeploymentPostprocessing = 0;
		};
/* End PBXResourcesBuildPhase section */

/* Begin PBXSourcesBuildPhase section */
		EC263A301A9231D000BEEDF2 /* Sources */ = {
			isa = PBXSourcesBuildPhase;
			buildActionMask = 2147483647;
			files = (
				EC263A3A1A9231D000BEEDF2 /* AppDelegate.swift in Sources */,
				EC263A5A1A9232DA00BEEDF2 /* TableViewController.swift in Sources */,
				EC263A5C1A924B5100BEEDF2 /* DeltaView.swift in Sources */,
			);
			runOnlyForDeploymentPostprocessing = 0;
		};
		EC263A451A9231D100BEEDF2 /* Sources */ = {
			isa = PBXSourcesBuildPhase;
			buildActionMask = 2147483647;
			files = (
				EC263A501A9231D100BEEDF2 /* MotionSicknessTests.swift in Sources */,
			);
			runOnlyForDeploymentPostprocessing = 0;
		};
/* End PBXSourcesBuildPhase section */

/* Begin PBXTargetDependency section */
		EC263A4B1A9231D100BEEDF2 /* PBXTargetDependency */ = {
			isa = PBXTargetDependency;
			target = EC263A331A9231D000BEEDF2 /* MotionSickness */;
			targetProxy = EC263A4A1A9231D100BEEDF2 /* PBXContainerItemProxy */;
		};
/* End PBXTargetDependency section */

/* Begin PBXVariantGroup section */
		EC263A3D1A9231D100BEEDF2 /* Main.storyboard */ = {
			isa = PBXVariantGroup;
			children = (
				EC263A3E1A9231D100BEEDF2 /* Base */,
			);
			name = Main.storyboard;
			sourceTree = "<group>";
		};
		EC263A421A9231D100BEEDF2 /* LaunchScreen.xib */ = {
			isa = PBXVariantGroup;
			children = (
				EC263A431A9231D100BEEDF2 /* Base */,
			);
			name = LaunchScreen.xib;
			sourceTree = "<group>";
		};
/* End PBXVariantGroup section */

/* Begin XCBuildConfiguration section */
		EC263A511A9231D100BEEDF2 /* Debug */ = {
			isa = XCBuildConfiguration;
			buildSettings = {
				ALWAYS_SEARCH_USER_PATHS = NO;
				CLANG_CXX_LANGUAGE_STANDARD = "gnu++0x";
				CLANG_CXX_LIBRARY = "libc++";
				CLANG_ENABLE_MODULES = YES;
				CLANG_ENABLE_OBJC_ARC = YES;
				CLANG_WARN_BOOL_CONVERSION = YES;
				CLANG_WARN_CONSTANT_CONVERSION = YES;
				CLANG_WARN_DIRECT_OBJC_ISA_USAGE = YES_ERROR;
				CLANG_WARN_EMPTY_BODY = YES;
				CLANG_WARN_ENUM_CONVERSION = YES;
				CLANG_WARN_INT_CONVERSION = YES;
				CLANG_WARN_OBJC_ROOT_CLASS = YES_ERROR;
				CLANG_WARN_UNREACHABLE_CODE = YES;
				CLANG_WARN__DUPLICATE_METHOD_MATCH = YES;
				"CODE_SIGN_IDENTITY[sdk=iphoneos*]" = "iPhone Developer";
				COPY_PHASE_STRIP = NO;
				ENABLE_STRICT_OBJC_MSGSEND = YES;
				GCC_C_LANGUAGE_STANDARD = gnu99;
				GCC_DYNAMIC_NO_PIC = NO;
				GCC_OPTIMIZATION_LEVEL = 0;
				GCC_PREPROCESSOR_DEFINITIONS = (
					"DEBUG=1",
					"$(inherited)",
				);
				GCC_SYMBOLS_PRIVATE_EXTERN = NO;
				GCC_WARN_64_TO_32_BIT_CONVERSION = YES;
				GCC_WARN_ABOUT_RETURN_TYPE = YES_ERROR;
				GCC_WARN_UNDECLARED_SELECTOR = YES;
				GCC_WARN_UNINITIALIZED_AUTOS = YES_AGGRESSIVE;
				GCC_WARN_UNUSED_FUNCTION = YES;
				GCC_WARN_UNUSED_VARIABLE = YES;
				IPHONEOS_DEPLOYMENT_TARGET = 8.1;
				MTL_ENABLE_DEBUG_INFO = YES;
				ONLY_ACTIVE_ARCH = YES;
				SDKROOT = iphoneos;
				SWIFT_OPTIMIZATION_LEVEL = "-Onone";
			};
			name = Debug;
		};
		EC263A521A9231D100BEEDF2 /* Release */ = {
			isa = XCBuildConfiguration;
			buildSettings = {
				ALWAYS_SEARCH_USER_PATHS = NO;
				CLANG_CXX_LANGUAGE_STANDARD = "gnu++0x";
				CLANG_CXX_LIBRARY = "libc++";
				CLANG_ENABLE_MODULES = YES;
				CLANG_ENABLE_OBJC_ARC = YES;
				CLANG_WARN_BOOL_CONVERSION = YES;
				CLANG_WARN_CONSTANT_CONVERSION = YES;
				CLANG_WARN_DIRECT_OBJC_ISA_USAGE = YES_ERROR;
				CLANG_WARN_EMPTY_BODY = YES;
				CLANG_WARN_ENUM_CONVERSION = YES;
				CLANG_WARN_INT_CONVERSION = YES;
				CLANG_WARN_OBJC_ROOT_CLASS = YES_ERROR;
				CLANG_WARN_UNREACHABLE_CODE = YES;
				CLANG_WARN__DUPLICATE_METHOD_MATCH = YES;
				"CODE_SIGN_IDENTITY[sdk=iphoneos*]" = "iPhone Developer";
				COPY_PHASE_STRIP = YES;
				ENABLE_NS_ASSERTIONS = NO;
				ENABLE_STRICT_OBJC_MSGSEND = YES;
				GCC_C_LANGUAGE_STANDARD = gnu99;
				GCC_WARN_64_TO_32_BIT_CONVERSION = YES;
				GCC_WARN_ABOUT_RETURN_TYPE = YES_ERROR;
				GCC_WARN_UNDECLARED_SELECTOR = YES;
				GCC_WARN_UNINITIALIZED_AUTOS = YES_AGGRESSIVE;
				GCC_WARN_UNUSED_FUNCTION = YES;
				GCC_WARN_UNUSED_VARIABLE = YES;
				IPHONEOS_DEPLOYMENT_TARGET = 8.1;
				MTL_ENABLE_DEBUG_INFO = NO;
				SDKROOT = iphoneos;
				VALIDATE_PRODUCT = YES;
			};
			name = Release;
		};
		EC263A541A9231D100BEEDF2 /* Debug */ = {
			isa = XCBuildConfiguration;
			buildSettings = {
				ASSETCATALOG_COMPILER_APPICON_NAME = AppIcon;
				INFOPLIST_FILE = MotionSickness/Info.plist;
				LD_RUNPATH_SEARCH_PATHS = "$(inherited) @executable_path/Frameworks";
				PRODUCT_NAME = "$(TARGET_NAME)";
			};
			name = Debug;
		};
		EC263A551A9231D100BEEDF2 /* Release */ = {
			isa = XCBuildConfiguration;
			buildSettings = {
				ASSETCATALOG_COMPILER_APPICON_NAME = AppIcon;
				INFOPLIST_FILE = MotionSickness/Info.plist;
				LD_RUNPATH_SEARCH_PATHS = "$(inherited) @executable_path/Frameworks";
				PRODUCT_NAME = "$(TARGET_NAME)";
			};
			name = Release;
		};
		EC263A571A9231D100BEEDF2 /* Debug */ = {
			isa = XCBuildConfiguration;
			buildSettings = {
				BUNDLE_LOADER = "$(TEST_HOST)";
				FRAMEWORK_SEARCH_PATHS = (
					"$(SDKROOT)/Developer/Library/Frameworks",
					"$(inherited)",
				);
				GCC_PREPROCESSOR_DEFINITIONS = (
					"DEBUG=1",
					"$(inherited)",
				);
				INFOPLIST_FILE = MotionSicknessTests/Info.plist;
				LD_RUNPATH_SEARCH_PATHS = "$(inherited) @executable_path/Frameworks @loader_path/Frameworks";
				PRODUCT_NAME = "$(TARGET_NAME)";
				TEST_HOST = "$(BUILT_PRODUCTS_DIR)/MotionSickness.app/MotionSickness";
			};
			name = Debug;
		};
		EC263A581A9231D100BEEDF2 /* Release */ = {
			isa = XCBuildConfiguration;
			buildSettings = {
				BUNDLE_LOADER = "$(TEST_HOST)";
				FRAMEWORK_SEARCH_PATHS = (
					"$(SDKROOT)/Developer/Library/Frameworks",
					"$(inherited)",
				);
				INFOPLIST_FILE = MotionSicknessTests/Info.plist;
				LD_RUNPATH_SEARCH_PATHS = "$(inherited) @executable_path/Frameworks @loader_path/Frameworks";
				PRODUCT_NAME = "$(TARGET_NAME)";
				TEST_HOST = "$(BUILT_PRODUCTS_DIR)/MotionSickness.app/MotionSickness";
			};
			name = Release;
		};
/* End XCBuildConfiguration section */

/* Begin XCConfigurationList section */
		EC263A2F1A9231D000BEEDF2 /* Build configuration list for PBXProject "MotionSickness" */ = {
			isa = XCConfigurationList;
			buildConfigurations = (
				EC263A511A9231D100BEEDF2 /* Debug */,
				EC263A521A9231D100BEEDF2 /* Release */,
			);
			defaultConfigurationIsVisible = 0;
			defaultConfigurationName = Release;
		};
		EC263A531A9231D100BEEDF2 /* Build configuration list for PBXNativeTarget "MotionSickness" */ = {
			isa = XCConfigurationList;
			buildConfigurations = (
				EC263A541A9231D100BEEDF2 /* Debug */,
				EC263A551A9231D100BEEDF2 /* Release */,
			);
			defaultConfigurationIsVisible = 0;
		};
		EC263A561A9231D100BEEDF2 /* Build configuration list for PBXNativeTarget "MotionSicknessTests" */ = {
			isa = XCConfigurationList;
			buildConfigurations = (
				EC263A571A9231D100BEEDF2 /* Debug */,
				EC263A581A9231D100BEEDF2 /* Release */,
			);
			defaultConfigurationIsVisible = 0;
		};
/* End XCConfigurationList section */
	};
	rootObject = EC263A2C1A9231D000BEEDF2 /* Project object */;
}
