// !$*UTF8*$!
{
	archiveVersion = 1;
	classes = {
	};
	objectVersion = 46;
	objects = {

/* Begin PBXBuildFile section */
		EC263A6C1A92700100BEEDF2 /* AppDelegate.swift in Sources */ = {isa = PBXBuildFile; fileRef = EC263A6B1A92700100BEEDF2 /* AppDelegate.swift */; };
		EC263A6E1A92700100BEEDF2 /* ViewController.swift in Sources */ = {isa = PBXBuildFile; fileRef = EC263A6D1A92700100BEEDF2 /* ViewController.swift */; };
		EC263A711A92700100BEEDF2 /* Main.storyboard in Resources */ = {isa = PBXBuildFile; fileRef = EC263A6F1A92700100BEEDF2 /* Main.storyboard */; };
		EC263A731A92700100BEEDF2 /* Images.xcassets in Resources */ = {isa = PBXBuildFile; fileRef = EC263A721A92700100BEEDF2 /* Images.xcassets */; };
		EC263A761A92700100BEEDF2 /* LaunchScreen.xib in Resources */ = {isa = PBXBuildFile; fileRef = EC263A741A92700100BEEDF2 /* LaunchScreen.xib */; };
		EC263A821A92700200BEEDF2 /* BalanceBallTests.swift in Sources */ = {isa = PBXBuildFile; fileRef = EC263A811A92700200BEEDF2 /* BalanceBallTests.swift */; };
		EC263A8C1A92706700BEEDF2 /* View.swift in Sources */ = {isa = PBXBuildFile; fileRef = EC263A8B1A92706700BEEDF2 /* View.swift */; };
/* End PBXBuildFile section */

/* Begin PBXContainerItemProxy section */
		EC263A7C1A92700200BEEDF2 /* PBXContainerItemProxy */ = {
			isa = PBXContainerItemProxy;
			containerPortal = EC263A5E1A92700100BEEDF2 /* Project object */;
			proxyType = 1;
			remoteGlobalIDString = EC263A651A92700100BEEDF2;
			remoteInfo = BalanceBall;
		};
/* End PBXContainerItemProxy section */

/* Begin PBXFileReference section */
		EC263A661A92700100BEEDF2 /* BalanceBall.app */ = {isa = PBXFileReference; explicitFileType = wrapper.application; includeInIndex = 0; path = BalanceBall.app; sourceTree = BUILT_PRODUCTS_DIR; };
		EC263A6A1A92700100BEEDF2 /* Info.plist */ = {isa = PBXFileReference; lastKnownFileType = text.plist.xml; path = Info.plist; sourceTree = "<group>"; };
		EC263A6B1A92700100BEEDF2 /* AppDelegate.swift */ = {isa = PBXFileReference; lastKnownFileType = sourcecode.swift; path = AppDelegate.swift; sourceTree = "<group>"; };
		EC263A6D1A92700100BEEDF2 /* ViewController.swift */ = {isa = PBXFileReference; lastKnownFileType = sourcecode.swift; path = ViewController.swift; sourceTree = "<group>"; };
		EC263A701A92700100BEEDF2 /* Base */ = {isa = PBXFileReference; lastKnownFileType = file.storyboard; name = Base; path = Base.lproj/Main.storyboard; sourceTree = "<group>"; };
		EC263A721A92700100BEEDF2 /* Images.xcassets */ = {isa = PBXFileReference; lastKnownFileType = folder.assetcatalog; path = Images.xcassets; sourceTree = "<group>"; };
		EC263A751A92700100BEEDF2 /* Base */ = {isa = PBXFileReference; lastKnownFileType = file.xib; name = Base; path = Base.lproj/LaunchScreen.xib; sourceTree = "<group>"; };
		EC263A7B1A92700200BEEDF2 /* BalanceBallTests.xctest */ = {isa = PBXFileReference; explicitFileType = wrapper.cfbundle; includeInIndex = 0; path = BalanceBallTests.xctest; sourceTree = BUILT_PRODUCTS_DIR; };
		EC263A801A92700200BEEDF2 /* Info.plist */ = {isa = PBXFileReference; lastKnownFileType = text.plist.xml; path = Info.plist; sourceTree = "<group>"; };
		EC263A811A92700200BEEDF2 /* BalanceBallTests.swift */ = {isa = PBXFileReference; lastKnownFileType = sourcecode.swift; path = BalanceBallTests.swift; sourceTree = "<group>"; };
		EC263A8B1A92706700BEEDF2 /* View.swift */ = {isa = PBXFileReference; fileEncoding = 4; lastKnownFileType = sourcecode.swift; path = View.swift; sourceTree = "<group>"; };
		EC263A8D1A92743E00BEEDF2 /* homework.md */ = {isa = PBXFileReference; fileEncoding = 4; lastKnownFileType = net.daringfireball.markdown; path = homework.md; sourceTree = "<group>"; };
/* End PBXFileReference section */

/* Begin PBXFrameworksBuildPhase section */
		EC263A631A92700100BEEDF2 /* Frameworks */ = {
			isa = PBXFrameworksBuildPhase;
			buildActionMask = 2147483647;
			files = (
			);
			runOnlyForDeploymentPostprocessing = 0;
		};
		EC263A781A92700200BEEDF2 /* Frameworks */ = {
			isa = PBXFrameworksBuildPhase;
			buildActionMask = 2147483647;
			files = (
			);
			runOnlyForDeploymentPostprocessing = 0;
		};
/* End PBXFrameworksBuildPhase section */

/* Begin PBXGroup section */
		EC263A5D1A92700100BEEDF2 = {
			isa = PBXGroup;
			children = (
				EC263A681A92700100BEEDF2 /* BalanceBall */,
				EC263A7E1A92700200BEEDF2 /* BalanceBallTests */,
				EC263A671A92700100BEEDF2 /* Products */,
			);
			sourceTree = "<group>";
		};
		EC263A671A92700100BEEDF2 /* Products */ = {
			isa = PBXGroup;
			children = (
				EC263A661A92700100BEEDF2 /* BalanceBall.app */,
				EC263A7B1A92700200BEEDF2 /* BalanceBallTests.xctest */,
			);
			name = Products;
			sourceTree = "<group>";
		};
		EC263A681A92700100BEEDF2 /* BalanceBall */ = {
			isa = PBXGroup;
			children = (
				EC263A6B1A92700100BEEDF2 /* AppDelegate.swift */,
				EC263A6D1A92700100BEEDF2 /* ViewController.swift */,
				EC263A8B1A92706700BEEDF2 /* View.swift */,
				EC263A6F1A92700100BEEDF2 /* Main.storyboard */,
				EC263A721A92700100BEEDF2 /* Images.xcassets */,
				EC263A741A92700100BEEDF2 /* LaunchScreen.xib */,
				EC263A691A92700100BEEDF2 /* Supporting Files */,
				EC263A8D1A92743E00BEEDF2 /* homework.md */,
			);
			path = BalanceBall;
			sourceTree = "<group>";
		};
		EC263A691A92700100BEEDF2 /* Supporting Files */ = {
			isa = PBXGroup;
			children = (
				EC263A6A1A92700100BEEDF2 /* Info.plist */,
			);
			name = "Supporting Files";
			sourceTree = "<group>";
		};
		EC263A7E1A92700200BEEDF2 /* BalanceBallTests */ = {
			isa = PBXGroup;
			children = (
				EC263A811A92700200BEEDF2 /* BalanceBallTests.swift */,
				EC263A7F1A92700200BEEDF2 /* Supporting Files */,
			);
			path = BalanceBallTests;
			sourceTree = "<group>";
		};
		EC263A7F1A92700200BEEDF2 /* Supporting Files */ = {
			isa = PBXGroup;
			children = (
				EC263A801A92700200BEEDF2 /* Info.plist */,
			);
			name = "Supporting Files";
			sourceTree = "<group>";
		};
/* End PBXGroup section */

/* Begin PBXNativeTarget section */
		EC263A651A92700100BEEDF2 /* BalanceBall */ = {
			isa = PBXNativeTarget;
			buildConfigurationList = EC263A851A92700200BEEDF2 /* Build configuration list for PBXNativeTarget "BalanceBall" */;
			buildPhases = (
				EC263A621A92700100BEEDF2 /* Sources */,
				EC263A631A92700100BEEDF2 /* Frameworks */,
				EC263A641A92700100BEEDF2 /* Resources */,
			);
			buildRules = (
			);
			dependencies = (
			);
			name = BalanceBall;
			productName = BalanceBall;
			productReference = EC263A661A92700100BEEDF2 /* BalanceBall.app */;
			productType = "com.apple.product-type.application";
		};
		EC263A7A1A92700200BEEDF2 /* BalanceBallTests */ = {
			isa = PBXNativeTarget;
			buildConfigurationList = EC263A881A92700200BEEDF2 /* Build configuration list for PBXNativeTarget "BalanceBallTests" */;
			buildPhases = (
				EC263A771A92700200BEEDF2 /* Sources */,
				EC263A781A92700200BEEDF2 /* Frameworks */,
				EC263A791A92700200BEEDF2 /* Resources */,
			);
			buildRules = (
			);
			dependencies = (
				EC263A7D1A92700200BEEDF2 /* PBXTargetDependency */,
			);
			name = BalanceBallTests;
			productName = BalanceBallTests;
			productReference = EC263A7B1A92700200BEEDF2 /* BalanceBallTests.xctest */;
			productType = "com.apple.product-type.bundle.unit-test";
		};
/* End PBXNativeTarget section */

/* Begin PBXProject section */
		EC263A5E1A92700100BEEDF2 /* Project object */ = {
			isa = PBXProject;
			attributes = {
				LastUpgradeCheck = 0610;
				ORGANIZATIONNAME = "Proximity Viz LLC";
				TargetAttributes = {
					EC263A651A92700100BEEDF2 = {
						CreatedOnToolsVersion = 6.1.1;
					};
					EC263A7A1A92700200BEEDF2 = {
						CreatedOnToolsVersion = 6.1.1;
						TestTargetID = EC263A651A92700100BEEDF2;
					};
				};
			};
			buildConfigurationList = EC263A611A92700100BEEDF2 /* Build configuration list for PBXProject "BalanceBall" */;
			compatibilityVersion = "Xcode 3.2";
			developmentRegion = English;
			hasScannedForEncodings = 0;
			knownRegions = (
				en,
				Base,
			);
			mainGroup = EC263A5D1A92700100BEEDF2;
			productRefGroup = EC263A671A92700100BEEDF2 /* Products */;
			projectDirPath = "";
			projectRoot = "";
			targets = (
				EC263A651A92700100BEEDF2 /* BalanceBall */,
				EC263A7A1A92700200BEEDF2 /* BalanceBallTests */,
			);
		};
/* End PBXProject section */

/* Begin PBXResourcesBuildPhase section */
		EC263A641A92700100BEEDF2 /* Resources */ = {
			isa = PBXResourcesBuildPhase;
			buildActionMask = 2147483647;
			files = (
				EC263A711A92700100BEEDF2 /* Main.storyboard in Resources */,
				EC263A761A92700100BEEDF2 /* LaunchScreen.xib in Resources */,
				EC263A731A92700100BEEDF2 /* Images.xcassets in Resources */,
			);
			runOnlyForDeploymentPostprocessing = 0;
		};
		EC263A791A92700200BEEDF2 /* Resources */ = {
			isa = PBXResourcesBuildPhase;
			buildActionMask = 2147483647;
			files = (
			);
			runOnlyForDeploymentPostprocessing = 0;
		};
/* End PBXResourcesBuildPhase section */

/* Begin PBXSourcesBuildPhase section */
		EC263A621A92700100BEEDF2 /* Sources */ = {
			isa = PBXSourcesBuildPhase;
			buildActionMask = 2147483647;
			files = (
				EC263A6E1A92700100BEEDF2 /* ViewController.swift in Sources */,
				EC263A6C1A92700100BEEDF2 /* AppDelegate.swift in Sources */,
				EC263A8C1A92706700BEEDF2 /* View.swift in Sources */,
			);
			runOnlyForDeploymentPostprocessing = 0;
		};
		EC263A771A92700200BEEDF2 /* Sources */ = {
			isa = PBXSourcesBuildPhase;
			buildActionMask = 2147483647;
			files = (
				EC263A821A92700200BEEDF2 /* BalanceBallTests.swift in Sources */,
			);
			runOnlyForDeploymentPostprocessing = 0;
		};
/* End PBXSourcesBuildPhase section */

/* Begin PBXTargetDependency section */
		EC263A7D1A92700200BEEDF2 /* PBXTargetDependency */ = {
			isa = PBXTargetDependency;
			target = EC263A651A92700100BEEDF2 /* BalanceBall */;
			targetProxy = EC263A7C1A92700200BEEDF2 /* PBXContainerItemProxy */;
		};
/* End PBXTargetDependency section */

/* Begin PBXVariantGroup section */
		EC263A6F1A92700100BEEDF2 /* Main.storyboard */ = {
			isa = PBXVariantGroup;
			children = (
				EC263A701A92700100BEEDF2 /* Base */,
			);
			name = Main.storyboard;
			sourceTree = "<group>";
		};
		EC263A741A92700100BEEDF2 /* LaunchScreen.xib */ = {
			isa = PBXVariantGroup;
			children = (
				EC263A751A92700100BEEDF2 /* Base */,
			);
			name = LaunchScreen.xib;
			sourceTree = "<group>";
		};
/* End PBXVariantGroup section */

/* Begin XCBuildConfiguration section */
		EC263A831A92700200BEEDF2 /* Debug */ = {
			isa = XCBuildConfiguration;
			buildSettings = {
				ALWAYS_SEARCH_USER_PATHS = NO;
				CLANG_CXX_LANGUAGE_STANDARD = "gnu++0x";
				CLANG_CXX_LIBRARY = "libc++";
				CLANG_ENABLE_MODULES = YES;
				CLANG_ENABLE_OBJC_ARC = YES;
				CLANG_WARN_BOOL_CONVERSION = YES;
				CLANG_WARN_CONSTANT_CONVERSION = YES;
				CLANG_WARN_DIRECT_OBJC_ISA_USAGE = YES_ERROR;
				CLANG_WARN_EMPTY_BODY = YES;
				CLANG_WARN_ENUM_CONVERSION = YES;
				CLANG_WARN_INT_CONVERSION = YES;
				CLANG_WARN_OBJC_ROOT_CLASS = YES_ERROR;
				CLANG_WARN_UNREACHABLE_CODE = YES;
				CLANG_WARN__DUPLICATE_METHOD_MATCH = YES;
				"CODE_SIGN_IDENTITY[sdk=iphoneos*]" = "iPhone Developer";
				COPY_PHASE_STRIP = NO;
				ENABLE_STRICT_OBJC_MSGSEND = YES;
				GCC_C_LANGUAGE_STANDARD = gnu99;
				GCC_DYNAMIC_NO_PIC = NO;
				GCC_OPTIMIZATION_LEVEL = 0;
				GCC_PREPROCESSOR_DEFINITIONS = (
					"DEBUG=1",
					"$(inherited)",
				);
				GCC_SYMBOLS_PRIVATE_EXTERN = NO;
				GCC_WARN_64_TO_32_BIT_CONVERSION = YES;
				GCC_WARN_ABOUT_RETURN_TYPE = YES_ERROR;
				GCC_WARN_UNDECLARED_SELECTOR = YES;
				GCC_WARN_UNINITIALIZED_AUTOS = YES_AGGRESSIVE;
				GCC_WARN_UNUSED_FUNCTION = YES;
				GCC_WARN_UNUSED_VARIABLE = YES;
				IPHONEOS_DEPLOYMENT_TARGET = 8.1;
				MTL_ENABLE_DEBUG_INFO = YES;
				ONLY_ACTIVE_ARCH = YES;
				SDKROOT = iphoneos;
				SWIFT_OPTIMIZATION_LEVEL = "-Onone";
			};
			name = Debug;
		};
		EC263A841A92700200BEEDF2 /* Release */ = {
			isa = XCBuildConfiguration;
			buildSettings = {
				ALWAYS_SEARCH_USER_PATHS = NO;
				CLANG_CXX_LANGUAGE_STANDARD = "gnu++0x";
				CLANG_CXX_LIBRARY = "libc++";
				CLANG_ENABLE_MODULES = YES;
				CLANG_ENABLE_OBJC_ARC = YES;
				CLANG_WARN_BOOL_CONVERSION = YES;
				CLANG_WARN_CONSTANT_CONVERSION = YES;
				CLANG_WARN_DIRECT_OBJC_ISA_USAGE = YES_ERROR;
				CLANG_WARN_EMPTY_BODY = YES;
				CLANG_WARN_ENUM_CONVERSION = YES;
				CLANG_WARN_INT_CONVERSION = YES;
				CLANG_WARN_OBJC_ROOT_CLASS = YES_ERROR;
				CLANG_WARN_UNREACHABLE_CODE = YES;
				CLANG_WARN__DUPLICATE_METHOD_MATCH = YES;
				"CODE_SIGN_IDENTITY[sdk=iphoneos*]" = "iPhone Developer";
				COPY_PHASE_STRIP = YES;
				ENABLE_NS_ASSERTIONS = NO;
				ENABLE_STRICT_OBJC_MSGSEND = YES;
				GCC_C_LANGUAGE_STANDARD = gnu99;
				GCC_WARN_64_TO_32_BIT_CONVERSION = YES;
				GCC_WARN_ABOUT_RETURN_TYPE = YES_ERROR;
				GCC_WARN_UNDECLARED_SELECTOR = YES;
				GCC_WARN_UNINITIALIZED_AUTOS = YES_AGGRESSIVE;
				GCC_WARN_UNUSED_FUNCTION = YES;
				GCC_WARN_UNUSED_VARIABLE = YES;
				IPHONEOS_DEPLOYMENT_TARGET = 8.1;
				MTL_ENABLE_DEBUG_INFO = NO;
				SDKROOT = iphoneos;
				VALIDATE_PRODUCT = YES;
			};
			name = Release;
		};
		EC263A861A92700200BEEDF2 /* Debug */ = {
			isa = XCBuildConfiguration;
			buildSettings = {
				ASSETCATALOG_COMPILER_APPICON_NAME = AppIcon;
				INFOPLIST_FILE = BalanceBall/Info.plist;
				LD_RUNPATH_SEARCH_PATHS = "$(inherited) @executable_path/Frameworks";
				PRODUCT_NAME = "$(TARGET_NAME)";
			};
			name = Debug;
		};
		EC263A871A92700200BEEDF2 /* Release */ = {
			isa = XCBuildConfiguration;
			buildSettings = {
				ASSETCATALOG_COMPILER_APPICON_NAME = AppIcon;
				INFOPLIST_FILE = BalanceBall/Info.plist;
				LD_RUNPATH_SEARCH_PATHS = "$(inherited) @executable_path/Frameworks";
				PRODUCT_NAME = "$(TARGET_NAME)";
			};
			name = Release;
		};
		EC263A891A92700200BEEDF2 /* Debug */ = {
			isa = XCBuildConfiguration;
			buildSettings = {
				BUNDLE_LOADER = "$(TEST_HOST)";
				FRAMEWORK_SEARCH_PATHS = (
					"$(SDKROOT)/Developer/Library/Frameworks",
					"$(inherited)",
				);
				GCC_PREPROCESSOR_DEFINITIONS = (
					"DEBUG=1",
					"$(inherited)",
				);
				INFOPLIST_FILE = BalanceBallTests/Info.plist;
				LD_RUNPATH_SEARCH_PATHS = "$(inherited) @executable_path/Frameworks @loader_path/Frameworks";
				PRODUCT_NAME = "$(TARGET_NAME)";
				TEST_HOST = "$(BUILT_PRODUCTS_DIR)/BalanceBall.app/BalanceBall";
			};
			name = Debug;
		};
		EC263A8A1A92700200BEEDF2 /* Release */ = {
			isa = XCBuildConfiguration;
			buildSettings = {
				BUNDLE_LOADER = "$(TEST_HOST)";
				FRAMEWORK_SEARCH_PATHS = (
					"$(SDKROOT)/Developer/Library/Frameworks",
					"$(inherited)",
				);
				INFOPLIST_FILE = BalanceBallTests/Info.plist;
				LD_RUNPATH_SEARCH_PATHS = "$(inherited) @executable_path/Frameworks @loader_path/Frameworks";
				PRODUCT_NAME = "$(TARGET_NAME)";
				TEST_HOST = "$(BUILT_PRODUCTS_DIR)/BalanceBall.app/BalanceBall";
			};
			name = Release;
		};
/* End XCBuildConfiguration section */

/* Begin XCConfigurationList section */
		EC263A611A92700100BEEDF2 /* Build configuration list for PBXProject "BalanceBall" */ = {
			isa = XCConfigurationList;
			buildConfigurations = (
				EC263A831A92700200BEEDF2 /* Debug */,
				EC263A841A92700200BEEDF2 /* Release */,
			);
			defaultConfigurationIsVisible = 0;
			defaultConfigurationName = Release;
		};
		EC263A851A92700200BEEDF2 /* Build configuration list for PBXNativeTarget "BalanceBall" */ = {
			isa = XCConfigurationList;
			buildConfigurations = (
				EC263A861A92700200BEEDF2 /* Debug */,
				EC263A871A92700200BEEDF2 /* Release */,
			);
			defaultConfigurationIsVisible = 0;
		};
		EC263A881A92700200BEEDF2 /* Build configuration list for PBXNativeTarget "BalanceBallTests" */ = {
			isa = XCConfigurationList;
			buildConfigurations = (
				EC263A891A92700200BEEDF2 /* Debug */,
				EC263A8A1A92700200BEEDF2 /* Release */,
			);
			defaultConfigurationIsVisible = 0;
		};
/* End XCConfigurationList section */
	};
	rootObject = EC263A5E1A92700100BEEDF2 /* Project object */;
}
