// !$*UTF8*$!
{
	archiveVersion = 1;
	classes = {
	};
	objectVersion = 46;
	objects = {

/* Begin PBXBuildFile section */
		ECBEF6961AA0FDC7001068B0 /* AppDelegate.swift in Sources */ = {isa = PBXBuildFile; fileRef = ECBEF6951AA0FDC7001068B0 /* AppDelegate.swift */; };
		ECBEF6981AA0FDC7001068B0 /* ViewController.swift in Sources */ = {isa = PBXBuildFile; fileRef = ECBEF6971AA0FDC7001068B0 /* ViewController.swift */; };
		ECBEF69B1AA0FDC8001068B0 /* Main.storyboard in Resources */ = {isa = PBXBuildFile; fileRef = ECBEF6991AA0FDC8001068B0 /* Main.storyboard */; };
		ECBEF69D1AA0FDC8001068B0 /* Images.xcassets in Resources */ = {isa = PBXBuildFile; fileRef = ECBEF69C1AA0FDC8001068B0 /* Images.xcassets */; };
		ECBEF6A01AA0FDC8001068B0 /* LaunchScreen.xib in Resources */ = {isa = PBXBuildFile; fileRef = ECBEF69E1AA0FDC8001068B0 /* LaunchScreen.xib */; };
		ECBEF6AC1AA0FDC8001068B0 /* TestTests.swift in Sources */ = {isa = PBXBuildFile; fileRef = ECBEF6AB1AA0FDC8001068B0 /* TestTests.swift */; };
		ECBEF6BA1AA106B2001068B0 /* Loader.swift in Sources */ = {isa = PBXBuildFile; fileRef = ECBEF6B91AA106B2001068B0 /* Loader.swift */; };
		ECDEC6CE1AA16A980086F559 /* DropVC.swift in Sources */ = {isa = PBXBuildFile; fileRef = ECDEC6CD1AA16A980086F559 /* DropVC.swift */; };
/* End PBXBuildFile section */

/* Begin PBXContainerItemProxy section */
		ECBEF6A61AA0FDC8001068B0 /* PBXContainerItemProxy */ = {
			isa = PBXContainerItemProxy;
			containerPortal = ECBEF6881AA0FDC7001068B0 /* Project object */;
			proxyType = 1;
			remoteGlobalIDString = ECBEF68F1AA0FDC7001068B0;
			remoteInfo = Test;
		};
/* End PBXContainerItemProxy section */

/* Begin PBXFileReference section */
		ECBEF6901AA0FDC7001068B0 /* Test.app */ = {isa = PBXFileReference; explicitFileType = wrapper.application; includeInIndex = 0; path = Test.app; sourceTree = BUILT_PRODUCTS_DIR; };
		ECBEF6941AA0FDC7001068B0 /* Info.plist */ = {isa = PBXFileReference; lastKnownFileType = text.plist.xml; path = Info.plist; sourceTree = "<group>"; };
		ECBEF6951AA0FDC7001068B0 /* AppDelegate.swift */ = {isa = PBXFileReference; lastKnownFileType = sourcecode.swift; path = AppDelegate.swift; sourceTree = "<group>"; };
		ECBEF6971AA0FDC7001068B0 /* ViewController.swift */ = {isa = PBXFileReference; lastKnownFileType = sourcecode.swift; path = ViewController.swift; sourceTree = "<group>"; };
		ECBEF69A1AA0FDC8001068B0 /* Base */ = {isa = PBXFileReference; lastKnownFileType = file.storyboard; name = Base; path = Base.lproj/Main.storyboard; sourceTree = "<group>"; };
		ECBEF69C1AA0FDC8001068B0 /* Images.xcassets */ = {isa = PBXFileReference; lastKnownFileType = folder.assetcatalog; path = Images.xcassets; sourceTree = "<group>"; };
		ECBEF69F1AA0FDC8001068B0 /* Base */ = {isa = PBXFileReference; lastKnownFileType = file.xib; name = Base; path = Base.lproj/LaunchScreen.xib; sourceTree = "<group>"; };
		ECBEF6A51AA0FDC8001068B0 /* TestTests.xctest */ = {isa = PBXFileReference; explicitFileType = wrapper.cfbundle; includeInIndex = 0; path = TestTests.xctest; sourceTree = BUILT_PRODUCTS_DIR; };
		ECBEF6AA1AA0FDC8001068B0 /* Info.plist */ = {isa = PBXFileReference; lastKnownFileType = text.plist.xml; path = Info.plist; sourceTree = "<group>"; };
		ECBEF6AB1AA0FDC8001068B0 /* TestTests.swift */ = {isa = PBXFileReference; lastKnownFileType = sourcecode.swift; path = TestTests.swift; sourceTree = "<group>"; };
		ECBEF6B91AA106B2001068B0 /* Loader.swift */ = {isa = PBXFileReference; fileEncoding = 4; lastKnownFileType = sourcecode.swift; path = Loader.swift; sourceTree = "<group>"; };
		ECDEC6CD1AA16A980086F559 /* DropVC.swift */ = {isa = PBXFileReference; fileEncoding = 4; lastKnownFileType = sourcecode.swift; path = DropVC.swift; sourceTree = "<group>"; };
/* End PBXFileReference section */

/* Begin PBXFrameworksBuildPhase section */
		ECBEF68D1AA0FDC7001068B0 /* Frameworks */ = {
			isa = PBXFrameworksBuildPhase;
			buildActionMask = 2147483647;
			files = (
			);
			runOnlyForDeploymentPostprocessing = 0;
		};
		ECBEF6A21AA0FDC8001068B0 /* Frameworks */ = {
			isa = PBXFrameworksBuildPhase;
			buildActionMask = 2147483647;
			files = (
			);
			runOnlyForDeploymentPostprocessing = 0;
		};
/* End PBXFrameworksBuildPhase section */

/* Begin PBXGroup section */
		ECBEF6871AA0FDC7001068B0 = {
			isa = PBXGroup;
			children = (
				ECBEF6921AA0FDC7001068B0 /* Test */,
				ECBEF6A81AA0FDC8001068B0 /* TestTests */,
				ECBEF6911AA0FDC7001068B0 /* Products */,
			);
			sourceTree = "<group>";
		};
		ECBEF6911AA0FDC7001068B0 /* Products */ = {
			isa = PBXGroup;
			children = (
				ECBEF6901AA0FDC7001068B0 /* Test.app */,
				ECBEF6A51AA0FDC8001068B0 /* TestTests.xctest */,
			);
			name = Products;
			sourceTree = "<group>";
		};
		ECBEF6921AA0FDC7001068B0 /* Test */ = {
			isa = PBXGroup;
			children = (
				ECBEF6951AA0FDC7001068B0 /* AppDelegate.swift */,
				ECBEF6971AA0FDC7001068B0 /* ViewController.swift */,
				ECDEC6CD1AA16A980086F559 /* DropVC.swift */,
				ECBEF6991AA0FDC8001068B0 /* Main.storyboard */,
				ECBEF69C1AA0FDC8001068B0 /* Images.xcassets */,
				ECBEF69E1AA0FDC8001068B0 /* LaunchScreen.xib */,
				ECBEF6931AA0FDC7001068B0 /* Supporting Files */,
				ECBEF6B91AA106B2001068B0 /* Loader.swift */,
			);
			path = Test;
			sourceTree = "<group>";
		};
		ECBEF6931AA0FDC7001068B0 /* Supporting Files */ = {
			isa = PBXGroup;
			children = (
				ECBEF6941AA0FDC7001068B0 /* Info.plist */,
			);
			name = "Supporting Files";
			sourceTree = "<group>";
		};
		ECBEF6A81AA0FDC8001068B0 /* TestTests */ = {
			isa = PBXGroup;
			children = (
				ECBEF6AB1AA0FDC8001068B0 /* TestTests.swift */,
				ECBEF6A91AA0FDC8001068B0 /* Supporting Files */,
			);
			path = TestTests;
			sourceTree = "<group>";
		};
		ECBEF6A91AA0FDC8001068B0 /* Supporting Files */ = {
			isa = PBXGroup;
			children = (
				ECBEF6AA1AA0FDC8001068B0 /* Info.plist */,
			);
			name = "Supporting Files";
			sourceTree = "<group>";
		};
/* End PBXGroup section */

/* Begin PBXNativeTarget section */
		ECBEF68F1AA0FDC7001068B0 /* Test */ = {
			isa = PBXNativeTarget;
			buildConfigurationList = ECBEF6AF1AA0FDC8001068B0 /* Build configuration list for PBXNativeTarget "Test" */;
			buildPhases = (
				ECBEF68C1AA0FDC7001068B0 /* Sources */,
				ECBEF68D1AA0FDC7001068B0 /* Frameworks */,
				ECBEF68E1AA0FDC7001068B0 /* Resources */,
			);
			buildRules = (
			);
			dependencies = (
			);
			name = Test;
			productName = Test;
			productReference = ECBEF6901AA0FDC7001068B0 /* Test.app */;
			productType = "com.apple.product-type.application";
		};
		ECBEF6A41AA0FDC8001068B0 /* TestTests */ = {
			isa = PBXNativeTarget;
			buildConfigurationList = ECBEF6B21AA0FDC8001068B0 /* Build configuration list for PBXNativeTarget "TestTests" */;
			buildPhases = (
				ECBEF6A11AA0FDC8001068B0 /* Sources */,
				ECBEF6A21AA0FDC8001068B0 /* Frameworks */,
				ECBEF6A31AA0FDC8001068B0 /* Resources */,
			);
			buildRules = (
			);
			dependencies = (
				ECBEF6A71AA0FDC8001068B0 /* PBXTargetDependency */,
			);
			name = TestTests;
			productName = TestTests;
			productReference = ECBEF6A51AA0FDC8001068B0 /* TestTests.xctest */;
			productType = "com.apple.product-type.bundle.unit-test";
		};
/* End PBXNativeTarget section */

/* Begin PBXProject section */
		ECBEF6881AA0FDC7001068B0 /* Project object */ = {
			isa = PBXProject;
			attributes = {
				LastUpgradeCheck = 0610;
				ORGANIZATIONNAME = "Proximity Viz LLC";
				TargetAttributes = {
					ECBEF68F1AA0FDC7001068B0 = {
						CreatedOnToolsVersion = 6.1.1;
					};
					ECBEF6A41AA0FDC8001068B0 = {
						CreatedOnToolsVersion = 6.1.1;
						TestTargetID = ECBEF68F1AA0FDC7001068B0;
					};
				};
			};
			buildConfigurationList = ECBEF68B1AA0FDC7001068B0 /* Build configuration list for PBXProject "Test" */;
			compatibilityVersion = "Xcode 3.2";
			developmentRegion = English;
			hasScannedForEncodings = 0;
			knownRegions = (
				en,
				Base,
			);
			mainGroup = ECBEF6871AA0FDC7001068B0;
			productRefGroup = ECBEF6911AA0FDC7001068B0 /* Products */;
			projectDirPath = "";
			projectRoot = "";
			targets = (
				ECBEF68F1AA0FDC7001068B0 /* Test */,
				ECBEF6A41AA0FDC8001068B0 /* TestTests */,
			);
		};
/* End PBXProject section */

/* Begin PBXResourcesBuildPhase section */
		ECBEF68E1AA0FDC7001068B0 /* Resources */ = {
			isa = PBXResourcesBuildPhase;
			buildActionMask = 2147483647;
			files = (
				ECBEF69B1AA0FDC8001068B0 /* Main.storyboard in Resources */,
				ECBEF6A01AA0FDC8001068B0 /* LaunchScreen.xib in Resources */,
				ECBEF69D1AA0FDC8001068B0 /* Images.xcassets in Resources */,
			);
			runOnlyForDeploymentPostprocessing = 0;
		};
		ECBEF6A31AA0FDC8001068B0 /* Resources */ = {
			isa = PBXResourcesBuildPhase;
			buildActionMask = 2147483647;
			files = (
			);
			runOnlyForDeploymentPostprocessing = 0;
		};
/* End PBXResourcesBuildPhase section */

/* Begin PBXSourcesBuildPhase section */
		ECBEF68C1AA0FDC7001068B0 /* Sources */ = {
			isa = PBXSourcesBuildPhase;
			buildActionMask = 2147483647;
			files = (
				ECBEF6981AA0FDC7001068B0 /* ViewController.swift in Sources */,
				ECDEC6CE1AA16A980086F559 /* DropVC.swift in Sources */,
				ECBEF6961AA0FDC7001068B0 /* AppDelegate.swift in Sources */,
				ECBEF6BA1AA106B2001068B0 /* Loader.swift in Sources */,
			);
			runOnlyForDeploymentPostprocessing = 0;
		};
		ECBEF6A11AA0FDC8001068B0 /* Sources */ = {
			isa = PBXSourcesBuildPhase;
			buildActionMask = 2147483647;
			files = (
				ECBEF6AC1AA0FDC8001068B0 /* TestTests.swift in Sources */,
			);
			runOnlyForDeploymentPostprocessing = 0;
		};
/* End PBXSourcesBuildPhase section */

/* Begin PBXTargetDependency section */
		ECBEF6A71AA0FDC8001068B0 /* PBXTargetDependency */ = {
			isa = PBXTargetDependency;
			target = ECBEF68F1AA0FDC7001068B0 /* Test */;
			targetProxy = ECBEF6A61AA0FDC8001068B0 /* PBXContainerItemProxy */;
		};
/* End PBXTargetDependency section */

/* Begin PBXVariantGroup section */
		ECBEF6991AA0FDC8001068B0 /* Main.storyboard */ = {
			isa = PBXVariantGroup;
			children = (
				ECBEF69A1AA0FDC8001068B0 /* Base */,
			);
			name = Main.storyboard;
			sourceTree = "<group>";
		};
		ECBEF69E1AA0FDC8001068B0 /* LaunchScreen.xib */ = {
			isa = PBXVariantGroup;
			children = (
				ECBEF69F1AA0FDC8001068B0 /* Base */,
			);
			name = LaunchScreen.xib;
			sourceTree = "<group>";
		};
/* End PBXVariantGroup section */

/* Begin XCBuildConfiguration section */
		ECBEF6AD1AA0FDC8001068B0 /* Debug */ = {
			isa = XCBuildConfiguration;
			buildSettings = {
				ALWAYS_SEARCH_USER_PATHS = NO;
				CLANG_CXX_LANGUAGE_STANDARD = "gnu++0x";
				CLANG_CXX_LIBRARY = "libc++";
				CLANG_ENABLE_MODULES = YES;
				CLANG_ENABLE_OBJC_ARC = YES;
				CLANG_WARN_BOOL_CONVERSION = YES;
				CLANG_WARN_CONSTANT_CONVERSION = YES;
				CLANG_WARN_DIRECT_OBJC_ISA_USAGE = YES_ERROR;
				CLANG_WARN_EMPTY_BODY = YES;
				CLANG_WARN_ENUM_CONVERSION = YES;
				CLANG_WARN_INT_CONVERSION = YES;
				CLANG_WARN_OBJC_ROOT_CLASS = YES_ERROR;
				CLANG_WARN_UNREACHABLE_CODE = YES;
				CLANG_WARN__DUPLICATE_METHOD_MATCH = YES;
				"CODE_SIGN_IDENTITY[sdk=iphoneos*]" = "iPhone Developer";
				COPY_PHASE_STRIP = NO;
				ENABLE_STRICT_OBJC_MSGSEND = YES;
				GCC_C_LANGUAGE_STANDARD = gnu99;
				GCC_DYNAMIC_NO_PIC = NO;
				GCC_OPTIMIZATION_LEVEL = 0;
				GCC_PREPROCESSOR_DEFINITIONS = (
					"DEBUG=1",
					"$(inherited)",
				);
				GCC_SYMBOLS_PRIVATE_EXTERN = NO;
				GCC_WARN_64_TO_32_BIT_CONVERSION = YES;
				GCC_WARN_ABOUT_RETURN_TYPE = YES_ERROR;
				GCC_WARN_UNDECLARED_SELECTOR = YES;
				GCC_WARN_UNINITIALIZED_AUTOS = YES_AGGRESSIVE;
				GCC_WARN_UNUSED_FUNCTION = YES;
				GCC_WARN_UNUSED_VARIABLE = YES;
				IPHONEOS_DEPLOYMENT_TARGET = 8.1;
				MTL_ENABLE_DEBUG_INFO = YES;
				ONLY_ACTIVE_ARCH = YES;
				SDKROOT = iphoneos;
				SWIFT_OPTIMIZATION_LEVEL = "-Onone";
			};
			name = Debug;
		};
		ECBEF6AE1AA0FDC8001068B0 /* Release */ = {
			isa = XCBuildConfiguration;
			buildSettings = {
				ALWAYS_SEARCH_USER_PATHS = NO;
				CLANG_CXX_LANGUAGE_STANDARD = "gnu++0x";
				CLANG_CXX_LIBRARY = "libc++";
				CLANG_ENABLE_MODULES = YES;
				CLANG_ENABLE_OBJC_ARC = YES;
				CLANG_WARN_BOOL_CONVERSION = YES;
				CLANG_WARN_CONSTANT_CONVERSION = YES;
				CLANG_WARN_DIRECT_OBJC_ISA_USAGE = YES_ERROR;
				CLANG_WARN_EMPTY_BODY = YES;
				CLANG_WARN_ENUM_CONVERSION = YES;
				CLANG_WARN_INT_CONVERSION = YES;
				CLANG_WARN_OBJC_ROOT_CLASS = YES_ERROR;
				CLANG_WARN_UNREACHABLE_CODE = YES;
				CLANG_WARN__DUPLICATE_METHOD_MATCH = YES;
				"CODE_SIGN_IDENTITY[sdk=iphoneos*]" = "iPhone Developer";
				COPY_PHASE_STRIP = YES;
				ENABLE_NS_ASSERTIONS = NO;
				ENABLE_STRICT_OBJC_MSGSEND = YES;
				GCC_C_LANGUAGE_STANDARD = gnu99;
				GCC_WARN_64_TO_32_BIT_CONVERSION = YES;
				GCC_WARN_ABOUT_RETURN_TYPE = YES_ERROR;
				GCC_WARN_UNDECLARED_SELECTOR = YES;
				GCC_WARN_UNINITIALIZED_AUTOS = YES_AGGRESSIVE;
				GCC_WARN_UNUSED_FUNCTION = YES;
				GCC_WARN_UNUSED_VARIABLE = YES;
				IPHONEOS_DEPLOYMENT_TARGET = 8.1;
				MTL_ENABLE_DEBUG_INFO = NO;
				SDKROOT = iphoneos;
				VALIDATE_PRODUCT = YES;
			};
			name = Release;
		};
		ECBEF6B01AA0FDC8001068B0 /* Debug */ = {
			isa = XCBuildConfiguration;
			buildSettings = {
				ASSETCATALOG_COMPILER_APPICON_NAME = AppIcon;
				INFOPLIST_FILE = Test/Info.plist;
				LD_RUNPATH_SEARCH_PATHS = "$(inherited) @executable_path/Frameworks";
				PRODUCT_NAME = "$(TARGET_NAME)";
			};
			name = Debug;
		};
		ECBEF6B11AA0FDC8001068B0 /* Release */ = {
			isa = XCBuildConfiguration;
			buildSettings = {
				ASSETCATALOG_COMPILER_APPICON_NAME = AppIcon;
				INFOPLIST_FILE = Test/Info.plist;
				LD_RUNPATH_SEARCH_PATHS = "$(inherited) @executable_path/Frameworks";
				PRODUCT_NAME = "$(TARGET_NAME)";
			};
			name = Release;
		};
		ECBEF6B31AA0FDC8001068B0 /* Debug */ = {
			isa = XCBuildConfiguration;
			buildSettings = {
				BUNDLE_LOADER = "$(TEST_HOST)";
				FRAMEWORK_SEARCH_PATHS = (
					"$(SDKROOT)/Developer/Library/Frameworks",
					"$(inherited)",
				);
				GCC_PREPROCESSOR_DEFINITIONS = (
					"DEBUG=1",
					"$(inherited)",
				);
				INFOPLIST_FILE = TestTests/Info.plist;
				LD_RUNPATH_SEARCH_PATHS = "$(inherited) @executable_path/Frameworks @loader_path/Frameworks";
				PRODUCT_NAME = "$(TARGET_NAME)";
				TEST_HOST = "$(BUILT_PRODUCTS_DIR)/Test.app/Test";
			};
			name = Debug;
		};
		ECBEF6B41AA0FDC8001068B0 /* Release */ = {
			isa = XCBuildConfiguration;
			buildSettings = {
				BUNDLE_LOADER = "$(TEST_HOST)";
				FRAMEWORK_SEARCH_PATHS = (
					"$(SDKROOT)/Developer/Library/Frameworks",
					"$(inherited)",
				);
				INFOPLIST_FILE = TestTests/Info.plist;
				LD_RUNPATH_SEARCH_PATHS = "$(inherited) @executable_path/Frameworks @loader_path/Frameworks";
				PRODUCT_NAME = "$(TARGET_NAME)";
				TEST_HOST = "$(BUILT_PRODUCTS_DIR)/Test.app/Test";
			};
			name = Release;
		};
/* End XCBuildConfiguration section */

/* Begin XCConfigurationList section */
		ECBEF68B1AA0FDC7001068B0 /* Build configuration list for PBXProject "Test" */ = {
			isa = XCConfigurationList;
			buildConfigurations = (
				ECBEF6AD1AA0FDC8001068B0 /* Debug */,
				ECBEF6AE1AA0FDC8001068B0 /* Release */,
			);
			defaultConfigurationIsVisible = 0;
			defaultConfigurationName = Release;
		};
		ECBEF6AF1AA0FDC8001068B0 /* Build configuration list for PBXNativeTarget "Test" */ = {
			isa = XCConfigurationList;
			buildConfigurations = (
				ECBEF6B01AA0FDC8001068B0 /* Debug */,
				ECBEF6B11AA0FDC8001068B0 /* Release */,
			);
			defaultConfigurationIsVisible = 0;
			defaultConfigurationName = Release;
		};
		ECBEF6B21AA0FDC8001068B0 /* Build configuration list for PBXNativeTarget "TestTests" */ = {
			isa = XCConfigurationList;
			buildConfigurations = (
				ECBEF6B31AA0FDC8001068B0 /* Debug */,
				ECBEF6B41AA0FDC8001068B0 /* Release */,
			);
			defaultConfigurationIsVisible = 0;
			defaultConfigurationName = Release;
		};
/* End XCConfigurationList section */
	};
	rootObject = ECBEF6881AA0FDC7001068B0 /* Project object */;
}
