// !$*UTF8*$!
{
	archiveVersion = 1;
	classes = {
	};
	objectVersion = 46;
	objects = {

/* Begin PBXBuildFile section */
		ECFD29651A94D5FB00C35E42 /* AppDelegate.swift in Sources */ = {isa = PBXBuildFile; fileRef = ECFD29641A94D5FB00C35E42 /* AppDelegate.swift */; };
		ECFD29671A94D5FB00C35E42 /* ViewController.swift in Sources */ = {isa = PBXBuildFile; fileRef = ECFD29661A94D5FB00C35E42 /* ViewController.swift */; };
		ECFD296A1A94D5FB00C35E42 /* Main.storyboard in Resources */ = {isa = PBXBuildFile; fileRef = ECFD29681A94D5FB00C35E42 /* Main.storyboard */; };
		ECFD296C1A94D5FB00C35E42 /* Images.xcassets in Resources */ = {isa = PBXBuildFile; fileRef = ECFD296B1A94D5FB00C35E42 /* Images.xcassets */; };
		ECFD296F1A94D5FB00C35E42 /* LaunchScreen.xib in Resources */ = {isa = PBXBuildFile; fileRef = ECFD296D1A94D5FB00C35E42 /* LaunchScreen.xib */; };
		ECFD297B1A94D5FC00C35E42 /* GameBoardTests.swift in Sources */ = {isa = PBXBuildFile; fileRef = ECFD297A1A94D5FC00C35E42 /* GameBoardTests.swift */; };
		ECFD29851A94D9C800C35E42 /* GameBoardView.swift in Sources */ = {isa = PBXBuildFile; fileRef = ECFD29841A94D9C800C35E42 /* GameBoardView.swift */; };
		ECFD29871A94E30E00C35E42 /* GamePiece.swift in Sources */ = {isa = PBXBuildFile; fileRef = ECFD29861A94E30E00C35E42 /* GamePiece.swift */; };
/* End PBXBuildFile section */

/* Begin PBXContainerItemProxy section */
		ECFD29751A94D5FC00C35E42 /* PBXContainerItemProxy */ = {
			isa = PBXContainerItemProxy;
			containerPortal = ECFD29571A94D5FB00C35E42 /* Project object */;
			proxyType = 1;
			remoteGlobalIDString = ECFD295E1A94D5FB00C35E42;
			remoteInfo = GameBoard;
		};
/* End PBXContainerItemProxy section */

/* Begin PBXFileReference section */
		ECFD295F1A94D5FB00C35E42 /* GameBoard.app */ = {isa = PBXFileReference; explicitFileType = wrapper.application; includeInIndex = 0; path = GameBoard.app; sourceTree = BUILT_PRODUCTS_DIR; };
		ECFD29631A94D5FB00C35E42 /* Info.plist */ = {isa = PBXFileReference; lastKnownFileType = text.plist.xml; path = Info.plist; sourceTree = "<group>"; };
		ECFD29641A94D5FB00C35E42 /* AppDelegate.swift */ = {isa = PBXFileReference; lastKnownFileType = sourcecode.swift; path = AppDelegate.swift; sourceTree = "<group>"; };
		ECFD29661A94D5FB00C35E42 /* ViewController.swift */ = {isa = PBXFileReference; lastKnownFileType = sourcecode.swift; path = ViewController.swift; sourceTree = "<group>"; };
		ECFD29691A94D5FB00C35E42 /* Base */ = {isa = PBXFileReference; lastKnownFileType = file.storyboard; name = Base; path = Base.lproj/Main.storyboard; sourceTree = "<group>"; };
		ECFD296B1A94D5FB00C35E42 /* Images.xcassets */ = {isa = PBXFileReference; lastKnownFileType = folder.assetcatalog; path = Images.xcassets; sourceTree = "<group>"; };
		ECFD296E1A94D5FB00C35E42 /* Base */ = {isa = PBXFileReference; lastKnownFileType = file.xib; name = Base; path = Base.lproj/LaunchScreen.xib; sourceTree = "<group>"; };
		ECFD29741A94D5FC00C35E42 /* GameBoardTests.xctest */ = {isa = PBXFileReference; explicitFileType = wrapper.cfbundle; includeInIndex = 0; path = GameBoardTests.xctest; sourceTree = BUILT_PRODUCTS_DIR; };
		ECFD29791A94D5FC00C35E42 /* Info.plist */ = {isa = PBXFileReference; lastKnownFileType = text.plist.xml; path = Info.plist; sourceTree = "<group>"; };
		ECFD297A1A94D5FC00C35E42 /* GameBoardTests.swift */ = {isa = PBXFileReference; lastKnownFileType = sourcecode.swift; path = GameBoardTests.swift; sourceTree = "<group>"; };
		ECFD29841A94D9C800C35E42 /* GameBoardView.swift */ = {isa = PBXFileReference; fileEncoding = 4; lastKnownFileType = sourcecode.swift; path = GameBoardView.swift; sourceTree = "<group>"; };
		ECFD29861A94E30E00C35E42 /* GamePiece.swift */ = {isa = PBXFileReference; fileEncoding = 4; lastKnownFileType = sourcecode.swift; path = GamePiece.swift; sourceTree = "<group>"; };
/* End PBXFileReference section */

/* Begin PBXFrameworksBuildPhase section */
		ECFD295C1A94D5FB00C35E42 /* Frameworks */ = {
			isa = PBXFrameworksBuildPhase;
			buildActionMask = 2147483647;
			files = (
			);
			runOnlyForDeploymentPostprocessing = 0;
		};
		ECFD29711A94D5FC00C35E42 /* Frameworks */ = {
			isa = PBXFrameworksBuildPhase;
			buildActionMask = 2147483647;
			files = (
			);
			runOnlyForDeploymentPostprocessing = 0;
		};
/* End PBXFrameworksBuildPhase section */

/* Begin PBXGroup section */
		ECFD29561A94D5FB00C35E42 = {
			isa = PBXGroup;
			children = (
				ECFD29611A94D5FB00C35E42 /* GameBoard */,
				ECFD29771A94D5FC00C35E42 /* GameBoardTests */,
				ECFD29601A94D5FB00C35E42 /* Products */,
			);
			sourceTree = "<group>";
		};
		ECFD29601A94D5FB00C35E42 /* Products */ = {
			isa = PBXGroup;
			children = (
				ECFD295F1A94D5FB00C35E42 /* GameBoard.app */,
				ECFD29741A94D5FC00C35E42 /* GameBoardTests.xctest */,
			);
			name = Products;
			sourceTree = "<group>";
		};
		ECFD29611A94D5FB00C35E42 /* GameBoard */ = {
			isa = PBXGroup;
			children = (
				ECFD29661A94D5FB00C35E42 /* ViewController.swift */,
				ECFD29681A94D5FB00C35E42 /* Main.storyboard */,
				ECFD29621A94D5FB00C35E42 /* Supporting Files */,
				ECFD29841A94D9C800C35E42 /* GameBoardView.swift */,
				ECFD29861A94E30E00C35E42 /* GamePiece.swift */,
			);
			path = GameBoard;
			sourceTree = "<group>";
		};
		ECFD29621A94D5FB00C35E42 /* Supporting Files */ = {
			isa = PBXGroup;
			children = (
				ECFD29641A94D5FB00C35E42 /* AppDelegate.swift */,
				ECFD296B1A94D5FB00C35E42 /* Images.xcassets */,
				ECFD296D1A94D5FB00C35E42 /* LaunchScreen.xib */,
				ECFD29631A94D5FB00C35E42 /* Info.plist */,
			);
			name = "Supporting Files";
			sourceTree = "<group>";
		};
		ECFD29771A94D5FC00C35E42 /* GameBoardTests */ = {
			isa = PBXGroup;
			children = (
				ECFD297A1A94D5FC00C35E42 /* GameBoardTests.swift */,
				ECFD29781A94D5FC00C35E42 /* Supporting Files */,
			);
			path = GameBoardTests;
			sourceTree = "<group>";
		};
		ECFD29781A94D5FC00C35E42 /* Supporting Files */ = {
			isa = PBXGroup;
			children = (
				ECFD29791A94D5FC00C35E42 /* Info.plist */,
			);
			name = "Supporting Files";
			sourceTree = "<group>";
		};
/* End PBXGroup section */

/* Begin PBXNativeTarget section */
		ECFD295E1A94D5FB00C35E42 /* GameBoard */ = {
			isa = PBXNativeTarget;
			buildConfigurationList = ECFD297E1A94D5FC00C35E42 /* Build configuration list for PBXNativeTarget "GameBoard" */;
			buildPhases = (
				ECFD295B1A94D5FB00C35E42 /* Sources */,
				ECFD295C1A94D5FB00C35E42 /* Frameworks */,
				ECFD295D1A94D5FB00C35E42 /* Resources */,
			);
			buildRules = (
			);
			dependencies = (
			);
			name = GameBoard;
			productName = GameBoard;
			productReference = ECFD295F1A94D5FB00C35E42 /* GameBoard.app */;
			productType = "com.apple.product-type.application";
		};
		ECFD29731A94D5FC00C35E42 /* GameBoardTests */ = {
			isa = PBXNativeTarget;
			buildConfigurationList = ECFD29811A94D5FC00C35E42 /* Build configuration list for PBXNativeTarget "GameBoardTests" */;
			buildPhases = (
				ECFD29701A94D5FC00C35E42 /* Sources */,
				ECFD29711A94D5FC00C35E42 /* Frameworks */,
				ECFD29721A94D5FC00C35E42 /* Resources */,
			);
			buildRules = (
			);
			dependencies = (
				ECFD29761A94D5FC00C35E42 /* PBXTargetDependency */,
			);
			name = GameBoardTests;
			productName = GameBoardTests;
			productReference = ECFD29741A94D5FC00C35E42 /* GameBoardTests.xctest */;
			productType = "com.apple.product-type.bundle.unit-test";
		};
/* End PBXNativeTarget section */

/* Begin PBXProject section */
		ECFD29571A94D5FB00C35E42 /* Project object */ = {
			isa = PBXProject;
			attributes = {
				LastUpgradeCheck = 0610;
				ORGANIZATIONNAME = "Proximity Viz LLC";
				TargetAttributes = {
					ECFD295E1A94D5FB00C35E42 = {
						CreatedOnToolsVersion = 6.1.1;
					};
					ECFD29731A94D5FC00C35E42 = {
						CreatedOnToolsVersion = 6.1.1;
						TestTargetID = ECFD295E1A94D5FB00C35E42;
					};
				};
			};
			buildConfigurationList = ECFD295A1A94D5FB00C35E42 /* Build configuration list for PBXProject "GameBoard" */;
			compatibilityVersion = "Xcode 3.2";
			developmentRegion = English;
			hasScannedForEncodings = 0;
			knownRegions = (
				en,
				Base,
			);
			mainGroup = ECFD29561A94D5FB00C35E42;
			productRefGroup = ECFD29601A94D5FB00C35E42 /* Products */;
			projectDirPath = "";
			projectRoot = "";
			targets = (
				ECFD295E1A94D5FB00C35E42 /* GameBoard */,
				ECFD29731A94D5FC00C35E42 /* GameBoardTests */,
			);
		};
/* End PBXProject section */

/* Begin PBXResourcesBuildPhase section */
		ECFD295D1A94D5FB00C35E42 /* Resources */ = {
			isa = PBXResourcesBuildPhase;
			buildActionMask = 2147483647;
			files = (
				ECFD296A1A94D5FB00C35E42 /* Main.storyboard in Resources */,
				ECFD296F1A94D5FB00C35E42 /* LaunchScreen.xib in Resources */,
				ECFD296C1A94D5FB00C35E42 /* Images.xcassets in Resources */,
			);
			runOnlyForDeploymentPostprocessing = 0;
		};
		ECFD29721A94D5FC00C35E42 /* Resources */ = {
			isa = PBXResourcesBuildPhase;
			buildActionMask = 2147483647;
			files = (
			);
			runOnlyForDeploymentPostprocessing = 0;
		};
/* End PBXResourcesBuildPhase section */

/* Begin PBXSourcesBuildPhase section */
		ECFD295B1A94D5FB00C35E42 /* Sources */ = {
			isa = PBXSourcesBuildPhase;
			buildActionMask = 2147483647;
			files = (
				ECFD29671A94D5FB00C35E42 /* ViewController.swift in Sources */,
				ECFD29651A94D5FB00C35E42 /* AppDelegate.swift in Sources */,
				ECFD29871A94E30E00C35E42 /* GamePiece.swift in Sources */,
				ECFD29851A94D9C800C35E42 /* GameBoardView.swift in Sources */,
			);
			runOnlyForDeploymentPostprocessing = 0;
		};
		ECFD29701A94D5FC00C35E42 /* Sources */ = {
			isa = PBXSourcesBuildPhase;
			buildActionMask = 2147483647;
			files = (
				ECFD297B1A94D5FC00C35E42 /* GameBoardTests.swift in Sources */,
			);
			runOnlyForDeploymentPostprocessing = 0;
		};
/* End PBXSourcesBuildPhase section */

/* Begin PBXTargetDependency section */
		ECFD29761A94D5FC00C35E42 /* PBXTargetDependency */ = {
			isa = PBXTargetDependency;
			target = ECFD295E1A94D5FB00C35E42 /* GameBoard */;
			targetProxy = ECFD29751A94D5FC00C35E42 /* PBXContainerItemProxy */;
		};
/* End PBXTargetDependency section */

/* Begin PBXVariantGroup section */
		ECFD29681A94D5FB00C35E42 /* Main.storyboard */ = {
			isa = PBXVariantGroup;
			children = (
				ECFD29691A94D5FB00C35E42 /* Base */,
			);
			name = Main.storyboard;
			sourceTree = "<group>";
		};
		ECFD296D1A94D5FB00C35E42 /* LaunchScreen.xib */ = {
			isa = PBXVariantGroup;
			children = (
				ECFD296E1A94D5FB00C35E42 /* Base */,
			);
			name = LaunchScreen.xib;
			sourceTree = "<group>";
		};
/* End PBXVariantGroup section */

/* Begin XCBuildConfiguration section */
		ECFD297C1A94D5FC00C35E42 /* Debug */ = {
			isa = XCBuildConfiguration;
			buildSettings = {
				ALWAYS_SEARCH_USER_PATHS = NO;
				CLANG_CXX_LANGUAGE_STANDARD = "gnu++0x";
				CLANG_CXX_LIBRARY = "libc++";
				CLANG_ENABLE_MODULES = YES;
				CLANG_ENABLE_OBJC_ARC = YES;
				CLANG_WARN_BOOL_CONVERSION = YES;
				CLANG_WARN_CONSTANT_CONVERSION = YES;
				CLANG_WARN_DIRECT_OBJC_ISA_USAGE = YES_ERROR;
				CLANG_WARN_EMPTY_BODY = YES;
				CLANG_WARN_ENUM_CONVERSION = YES;
				CLANG_WARN_INT_CONVERSION = YES;
				CLANG_WARN_OBJC_ROOT_CLASS = YES_ERROR;
				CLANG_WARN_UNREACHABLE_CODE = YES;
				CLANG_WARN__DUPLICATE_METHOD_MATCH = YES;
				"CODE_SIGN_IDENTITY[sdk=iphoneos*]" = "iPhone Developer";
				COPY_PHASE_STRIP = NO;
				ENABLE_STRICT_OBJC_MSGSEND = YES;
				GCC_C_LANGUAGE_STANDARD = gnu99;
				GCC_DYNAMIC_NO_PIC = NO;
				GCC_OPTIMIZATION_LEVEL = 0;
				GCC_PREPROCESSOR_DEFINITIONS = (
					"DEBUG=1",
					"$(inherited)",
				);
				GCC_SYMBOLS_PRIVATE_EXTERN = NO;
				GCC_WARN_64_TO_32_BIT_CONVERSION = YES;
				GCC_WARN_ABOUT_RETURN_TYPE = YES_ERROR;
				GCC_WARN_UNDECLARED_SELECTOR = YES;
				GCC_WARN_UNINITIALIZED_AUTOS = YES_AGGRESSIVE;
				GCC_WARN_UNUSED_FUNCTION = YES;
				GCC_WARN_UNUSED_VARIABLE = YES;
				IPHONEOS_DEPLOYMENT_TARGET = 8.1;
				MTL_ENABLE_DEBUG_INFO = YES;
				ONLY_ACTIVE_ARCH = YES;
				SDKROOT = iphoneos;
				SWIFT_OPTIMIZATION_LEVEL = "-Onone";
			};
			name = Debug;
		};
		ECFD297D1A94D5FC00C35E42 /* Release */ = {
			isa = XCBuildConfiguration;
			buildSettings = {
				ALWAYS_SEARCH_USER_PATHS = NO;
				CLANG_CXX_LANGUAGE_STANDARD = "gnu++0x";
				CLANG_CXX_LIBRARY = "libc++";
				CLANG_ENABLE_MODULES = YES;
				CLANG_ENABLE_OBJC_ARC = YES;
				CLANG_WARN_BOOL_CONVERSION = YES;
				CLANG_WARN_CONSTANT_CONVERSION = YES;
				CLANG_WARN_DIRECT_OBJC_ISA_USAGE = YES_ERROR;
				CLANG_WARN_EMPTY_BODY = YES;
				CLANG_WARN_ENUM_CONVERSION = YES;
				CLANG_WARN_INT_CONVERSION = YES;
				CLANG_WARN_OBJC_ROOT_CLASS = YES_ERROR;
				CLANG_WARN_UNREACHABLE_CODE = YES;
				CLANG_WARN__DUPLICATE_METHOD_MATCH = YES;
				"CODE_SIGN_IDENTITY[sdk=iphoneos*]" = "iPhone Developer";
				COPY_PHASE_STRIP = YES;
				ENABLE_NS_ASSERTIONS = NO;
				ENABLE_STRICT_OBJC_MSGSEND = YES;
				GCC_C_LANGUAGE_STANDARD = gnu99;
				GCC_WARN_64_TO_32_BIT_CONVERSION = YES;
				GCC_WARN_ABOUT_RETURN_TYPE = YES_ERROR;
				GCC_WARN_UNDECLARED_SELECTOR = YES;
				GCC_WARN_UNINITIALIZED_AUTOS = YES_AGGRESSIVE;
				GCC_WARN_UNUSED_FUNCTION = YES;
				GCC_WARN_UNUSED_VARIABLE = YES;
				IPHONEOS_DEPLOYMENT_TARGET = 8.1;
				MTL_ENABLE_DEBUG_INFO = NO;
				SDKROOT = iphoneos;
				VALIDATE_PRODUCT = YES;
			};
			name = Release;
		};
		ECFD297F1A94D5FC00C35E42 /* Debug */ = {
			isa = XCBuildConfiguration;
			buildSettings = {
				ASSETCATALOG_COMPILER_APPICON_NAME = AppIcon;
				INFOPLIST_FILE = GameBoard/Info.plist;
				LD_RUNPATH_SEARCH_PATHS = "$(inherited) @executable_path/Frameworks";
				PRODUCT_NAME = "$(TARGET_NAME)";
			};
			name = Debug;
		};
		ECFD29801A94D5FC00C35E42 /* Release */ = {
			isa = XCBuildConfiguration;
			buildSettings = {
				ASSETCATALOG_COMPILER_APPICON_NAME = AppIcon;
				INFOPLIST_FILE = GameBoard/Info.plist;
				LD_RUNPATH_SEARCH_PATHS = "$(inherited) @executable_path/Frameworks";
				PRODUCT_NAME = "$(TARGET_NAME)";
			};
			name = Release;
		};
		ECFD29821A94D5FC00C35E42 /* Debug */ = {
			isa = XCBuildConfiguration;
			buildSettings = {
				BUNDLE_LOADER = "$(TEST_HOST)";
				FRAMEWORK_SEARCH_PATHS = (
					"$(SDKROOT)/Developer/Library/Frameworks",
					"$(inherited)",
				);
				GCC_PREPROCESSOR_DEFINITIONS = (
					"DEBUG=1",
					"$(inherited)",
				);
				INFOPLIST_FILE = GameBoardTests/Info.plist;
				LD_RUNPATH_SEARCH_PATHS = "$(inherited) @executable_path/Frameworks @loader_path/Frameworks";
				PRODUCT_NAME = "$(TARGET_NAME)";
				TEST_HOST = "$(BUILT_PRODUCTS_DIR)/GameBoard.app/GameBoard";
			};
			name = Debug;
		};
		ECFD29831A94D5FC00C35E42 /* Release */ = {
			isa = XCBuildConfiguration;
			buildSettings = {
				BUNDLE_LOADER = "$(TEST_HOST)";
				FRAMEWORK_SEARCH_PATHS = (
					"$(SDKROOT)/Developer/Library/Frameworks",
					"$(inherited)",
				);
				INFOPLIST_FILE = GameBoardTests/Info.plist;
				LD_RUNPATH_SEARCH_PATHS = "$(inherited) @executable_path/Frameworks @loader_path/Frameworks";
				PRODUCT_NAME = "$(TARGET_NAME)";
				TEST_HOST = "$(BUILT_PRODUCTS_DIR)/GameBoard.app/GameBoard";
			};
			name = Release;
		};
/* End XCBuildConfiguration section */

/* Begin XCConfigurationList section */
		ECFD295A1A94D5FB00C35E42 /* Build configuration list for PBXProject "GameBoard" */ = {
			isa = XCConfigurationList;
			buildConfigurations = (
				ECFD297C1A94D5FC00C35E42 /* Debug */,
				ECFD297D1A94D5FC00C35E42 /* Release */,
			);
			defaultConfigurationIsVisible = 0;
			defaultConfigurationName = Release;
		};
		ECFD297E1A94D5FC00C35E42 /* Build configuration list for PBXNativeTarget "GameBoard" */ = {
			isa = XCConfigurationList;
			buildConfigurations = (
				ECFD297F1A94D5FC00C35E42 /* Debug */,
				ECFD29801A94D5FC00C35E42 /* Release */,
			);
			defaultConfigurationIsVisible = 0;
		};
		ECFD29811A94D5FC00C35E42 /* Build configuration list for PBXNativeTarget "GameBoardTests" */ = {
			isa = XCConfigurationList;
			buildConfigurations = (
				ECFD29821A94D5FC00C35E42 /* Debug */,
				ECFD29831A94D5FC00C35E42 /* Release */,
			);
			defaultConfigurationIsVisible = 0;
		};
/* End XCConfigurationList section */
	};
	rootObject = ECFD29571A94D5FB00C35E42 /* Project object */;
}
