// !$*UTF8*$!
{
	archiveVersion = 1;
	classes = {
	};
	objectVersion = 46;
	objects = {

/* Begin PBXBuildFile section */
		EC4EFABE1A7FBE5000F3A2F8 /* AppDelegate.swift in Sources */ = {isa = PBXBuildFile; fileRef = EC4EFABD1A7FBE5000F3A2F8 /* AppDelegate.swift */; };
		EC4EFAC01A7FBE5000F3A2F8 /* ViewController.swift in Sources */ = {isa = PBXBuildFile; fileRef = EC4EFABF1A7FBE5000F3A2F8 /* ViewController.swift */; };
		EC4EFAC31A7FBE5000F3A2F8 /* Main.storyboard in Resources */ = {isa = PBXBuildFile; fileRef = EC4EFAC11A7FBE5000F3A2F8 /* Main.storyboard */; };
		EC4EFAC51A7FBE5000F3A2F8 /* Images.xcassets in Resources */ = {isa = PBXBuildFile; fileRef = EC4EFAC41A7FBE5000F3A2F8 /* Images.xcassets */; };
		EC4EFAC81A7FBE5000F3A2F8 /* LaunchScreen.xib in Resources */ = {isa = PBXBuildFile; fileRef = EC4EFAC61A7FBE5000F3A2F8 /* LaunchScreen.xib */; };
		EC4EFAD41A7FBE5000F3A2F8 /* MapsTests.swift in Sources */ = {isa = PBXBuildFile; fileRef = EC4EFAD31A7FBE5000F3A2F8 /* MapsTests.swift */; };
		EC4EFADE1A7FCA5500F3A2F8 /* FourSquareRequest.swift in Sources */ = {isa = PBXBuildFile; fileRef = EC4EFADD1A7FCA5500F3A2F8 /* FourSquareRequest.swift */; };
/* End PBXBuildFile section */

/* Begin PBXContainerItemProxy section */
		EC4EFACE1A7FBE5000F3A2F8 /* PBXContainerItemProxy */ = {
			isa = PBXContainerItemProxy;
			containerPortal = EC4EFAB01A7FBE5000F3A2F8 /* Project object */;
			proxyType = 1;
			remoteGlobalIDString = EC4EFAB71A7FBE5000F3A2F8;
			remoteInfo = Maps;
		};
/* End PBXContainerItemProxy section */

/* Begin PBXFileReference section */
		EC4EFAB81A7FBE5000F3A2F8 /* Maps.app */ = {isa = PBXFileReference; explicitFileType = wrapper.application; includeInIndex = 0; path = Maps.app; sourceTree = BUILT_PRODUCTS_DIR; };
		EC4EFABC1A7FBE5000F3A2F8 /* Info.plist */ = {isa = PBXFileReference; lastKnownFileType = text.plist.xml; path = Info.plist; sourceTree = "<group>"; };
		EC4EFABD1A7FBE5000F3A2F8 /* AppDelegate.swift */ = {isa = PBXFileReference; lastKnownFileType = sourcecode.swift; path = AppDelegate.swift; sourceTree = "<group>"; };
		EC4EFABF1A7FBE5000F3A2F8 /* ViewController.swift */ = {isa = PBXFileReference; lastKnownFileType = sourcecode.swift; path = ViewController.swift; sourceTree = "<group>"; };
		EC4EFAC21A7FBE5000F3A2F8 /* Base */ = {isa = PBXFileReference; lastKnownFileType = file.storyboard; name = Base; path = Base.lproj/Main.storyboard; sourceTree = "<group>"; };
		EC4EFAC41A7FBE5000F3A2F8 /* Images.xcassets */ = {isa = PBXFileReference; lastKnownFileType = folder.assetcatalog; path = Images.xcassets; sourceTree = "<group>"; };
		EC4EFAC71A7FBE5000F3A2F8 /* Base */ = {isa = PBXFileReference; lastKnownFileType = file.xib; name = Base; path = Base.lproj/LaunchScreen.xib; sourceTree = "<group>"; };
		EC4EFACD1A7FBE5000F3A2F8 /* MapsTests.xctest */ = {isa = PBXFileReference; explicitFileType = wrapper.cfbundle; includeInIndex = 0; path = MapsTests.xctest; sourceTree = BUILT_PRODUCTS_DIR; };
		EC4EFAD21A7FBE5000F3A2F8 /* Info.plist */ = {isa = PBXFileReference; lastKnownFileType = text.plist.xml; path = Info.plist; sourceTree = "<group>"; };
		EC4EFAD31A7FBE5000F3A2F8 /* MapsTests.swift */ = {isa = PBXFileReference; lastKnownFileType = sourcecode.swift; path = MapsTests.swift; sourceTree = "<group>"; };
		EC4EFADD1A7FCA5500F3A2F8 /* FourSquareRequest.swift */ = {isa = PBXFileReference; fileEncoding = 4; lastKnownFileType = sourcecode.swift; path = FourSquareRequest.swift; sourceTree = "<group>"; };
/* End PBXFileReference section */

/* Begin PBXFrameworksBuildPhase section */
		EC4EFAB51A7FBE5000F3A2F8 /* Frameworks */ = {
			isa = PBXFrameworksBuildPhase;
			buildActionMask = 2147483647;
			files = (
			);
			runOnlyForDeploymentPostprocessing = 0;
		};
		EC4EFACA1A7FBE5000F3A2F8 /* Frameworks */ = {
			isa = PBXFrameworksBuildPhase;
			buildActionMask = 2147483647;
			files = (
			);
			runOnlyForDeploymentPostprocessing = 0;
		};
/* End PBXFrameworksBuildPhase section */

/* Begin PBXGroup section */
		EC4EFAAF1A7FBE5000F3A2F8 = {
			isa = PBXGroup;
			children = (
				EC4EFABA1A7FBE5000F3A2F8 /* Maps */,
				EC4EFAD01A7FBE5000F3A2F8 /* MapsTests */,
				EC4EFAB91A7FBE5000F3A2F8 /* Products */,
			);
			sourceTree = "<group>";
		};
		EC4EFAB91A7FBE5000F3A2F8 /* Products */ = {
			isa = PBXGroup;
			children = (
				EC4EFAB81A7FBE5000F3A2F8 /* Maps.app */,
				EC4EFACD1A7FBE5000F3A2F8 /* MapsTests.xctest */,
			);
			name = Products;
			sourceTree = "<group>";
		};
		EC4EFABA1A7FBE5000F3A2F8 /* Maps */ = {
			isa = PBXGroup;
			children = (
				EC4EFABD1A7FBE5000F3A2F8 /* AppDelegate.swift */,
				EC4EFABF1A7FBE5000F3A2F8 /* ViewController.swift */,
				EC4EFADD1A7FCA5500F3A2F8 /* FourSquareRequest.swift */,
				EC4EFAC11A7FBE5000F3A2F8 /* Main.storyboard */,
				EC4EFAC41A7FBE5000F3A2F8 /* Images.xcassets */,
				EC4EFAC61A7FBE5000F3A2F8 /* LaunchScreen.xib */,
				EC4EFABB1A7FBE5000F3A2F8 /* Supporting Files */,
			);
			path = Maps;
			sourceTree = "<group>";
		};
		EC4EFABB1A7FBE5000F3A2F8 /* Supporting Files */ = {
			isa = PBXGroup;
			children = (
				EC4EFABC1A7FBE5000F3A2F8 /* Info.plist */,
			);
			name = "Supporting Files";
			sourceTree = "<group>";
		};
		EC4EFAD01A7FBE5000F3A2F8 /* MapsTests */ = {
			isa = PBXGroup;
			children = (
				EC4EFAD31A7FBE5000F3A2F8 /* MapsTests.swift */,
				EC4EFAD11A7FBE5000F3A2F8 /* Supporting Files */,
			);
			path = MapsTests;
			sourceTree = "<group>";
		};
		EC4EFAD11A7FBE5000F3A2F8 /* Supporting Files */ = {
			isa = PBXGroup;
			children = (
				EC4EFAD21A7FBE5000F3A2F8 /* Info.plist */,
			);
			name = "Supporting Files";
			sourceTree = "<group>";
		};
/* End PBXGroup section */

/* Begin PBXNativeTarget section */
		EC4EFAB71A7FBE5000F3A2F8 /* Maps */ = {
			isa = PBXNativeTarget;
			buildConfigurationList = EC4EFAD71A7FBE5000F3A2F8 /* Build configuration list for PBXNativeTarget "Maps" */;
			buildPhases = (
				EC4EFAB41A7FBE5000F3A2F8 /* Sources */,
				EC4EFAB51A7FBE5000F3A2F8 /* Frameworks */,
				EC4EFAB61A7FBE5000F3A2F8 /* Resources */,
			);
			buildRules = (
			);
			dependencies = (
			);
			name = Maps;
			productName = Maps;
			productReference = EC4EFAB81A7FBE5000F3A2F8 /* Maps.app */;
			productType = "com.apple.product-type.application";
		};
		EC4EFACC1A7FBE5000F3A2F8 /* MapsTests */ = {
			isa = PBXNativeTarget;
			buildConfigurationList = EC4EFADA1A7FBE5000F3A2F8 /* Build configuration list for PBXNativeTarget "MapsTests" */;
			buildPhases = (
				EC4EFAC91A7FBE5000F3A2F8 /* Sources */,
				EC4EFACA1A7FBE5000F3A2F8 /* Frameworks */,
				EC4EFACB1A7FBE5000F3A2F8 /* Resources */,
			);
			buildRules = (
			);
			dependencies = (
				EC4EFACF1A7FBE5000F3A2F8 /* PBXTargetDependency */,
			);
			name = MapsTests;
			productName = MapsTests;
			productReference = EC4EFACD1A7FBE5000F3A2F8 /* MapsTests.xctest */;
			productType = "com.apple.product-type.bundle.unit-test";
		};
/* End PBXNativeTarget section */

/* Begin PBXProject section */
		EC4EFAB01A7FBE5000F3A2F8 /* Project object */ = {
			isa = PBXProject;
			attributes = {
				LastUpgradeCheck = 0610;
				ORGANIZATIONNAME = "Proximity Viz LLC";
				TargetAttributes = {
					EC4EFAB71A7FBE5000F3A2F8 = {
						CreatedOnToolsVersion = 6.1.1;
					};
					EC4EFACC1A7FBE5000F3A2F8 = {
						CreatedOnToolsVersion = 6.1.1;
						TestTargetID = EC4EFAB71A7FBE5000F3A2F8;
					};
				};
			};
			buildConfigurationList = EC4EFAB31A7FBE5000F3A2F8 /* Build configuration list for PBXProject "Maps" */;
			compatibilityVersion = "Xcode 3.2";
			developmentRegion = English;
			hasScannedForEncodings = 0;
			knownRegions = (
				en,
				Base,
			);
			mainGroup = EC4EFAAF1A7FBE5000F3A2F8;
			productRefGroup = EC4EFAB91A7FBE5000F3A2F8 /* Products */;
			projectDirPath = "";
			projectRoot = "";
			targets = (
				EC4EFAB71A7FBE5000F3A2F8 /* Maps */,
				EC4EFACC1A7FBE5000F3A2F8 /* MapsTests */,
			);
		};
/* End PBXProject section */

/* Begin PBXResourcesBuildPhase section */
		EC4EFAB61A7FBE5000F3A2F8 /* Resources */ = {
			isa = PBXResourcesBuildPhase;
			buildActionMask = 2147483647;
			files = (
				EC4EFAC31A7FBE5000F3A2F8 /* Main.storyboard in Resources */,
				EC4EFAC81A7FBE5000F3A2F8 /* LaunchScreen.xib in Resources */,
				EC4EFAC51A7FBE5000F3A2F8 /* Images.xcassets in Resources */,
			);
			runOnlyForDeploymentPostprocessing = 0;
		};
		EC4EFACB1A7FBE5000F3A2F8 /* Resources */ = {
			isa = PBXResourcesBuildPhase;
			buildActionMask = 2147483647;
			files = (
			);
			runOnlyForDeploymentPostprocessing = 0;
		};
/* End PBXResourcesBuildPhase section */

/* Begin PBXSourcesBuildPhase section */
		EC4EFAB41A7FBE5000F3A2F8 /* Sources */ = {
			isa = PBXSourcesBuildPhase;
			buildActionMask = 2147483647;
			files = (
				EC4EFADE1A7FCA5500F3A2F8 /* FourSquareRequest.swift in Sources */,
				EC4EFAC01A7FBE5000F3A2F8 /* ViewController.swift in Sources */,
				EC4EFABE1A7FBE5000F3A2F8 /* AppDelegate.swift in Sources */,
			);
			runOnlyForDeploymentPostprocessing = 0;
		};
		EC4EFAC91A7FBE5000F3A2F8 /* Sources */ = {
			isa = PBXSourcesBuildPhase;
			buildActionMask = 2147483647;
			files = (
				EC4EFAD41A7FBE5000F3A2F8 /* MapsTests.swift in Sources */,
			);
			runOnlyForDeploymentPostprocessing = 0;
		};
/* End PBXSourcesBuildPhase section */

/* Begin PBXTargetDependency section */
		EC4EFACF1A7FBE5000F3A2F8 /* PBXTargetDependency */ = {
			isa = PBXTargetDependency;
			target = EC4EFAB71A7FBE5000F3A2F8 /* Maps */;
			targetProxy = EC4EFACE1A7FBE5000F3A2F8 /* PBXContainerItemProxy */;
		};
/* End PBXTargetDependency section */

/* Begin PBXVariantGroup section */
		EC4EFAC11A7FBE5000F3A2F8 /* Main.storyboard */ = {
			isa = PBXVariantGroup;
			children = (
				EC4EFAC21A7FBE5000F3A2F8 /* Base */,
			);
			name = Main.storyboard;
			sourceTree = "<group>";
		};
		EC4EFAC61A7FBE5000F3A2F8 /* LaunchScreen.xib */ = {
			isa = PBXVariantGroup;
			children = (
				EC4EFAC71A7FBE5000F3A2F8 /* Base */,
			);
			name = LaunchScreen.xib;
			sourceTree = "<group>";
		};
/* End PBXVariantGroup section */

/* Begin XCBuildConfiguration section */
		EC4EFAD51A7FBE5000F3A2F8 /* Debug */ = {
			isa = XCBuildConfiguration;
			buildSettings = {
				ALWAYS_SEARCH_USER_PATHS = NO;
				CLANG_CXX_LANGUAGE_STANDARD = "gnu++0x";
				CLANG_CXX_LIBRARY = "libc++";
				CLANG_ENABLE_MODULES = YES;
				CLANG_ENABLE_OBJC_ARC = YES;
				CLANG_WARN_BOOL_CONVERSION = YES;
				CLANG_WARN_CONSTANT_CONVERSION = YES;
				CLANG_WARN_DIRECT_OBJC_ISA_USAGE = YES_ERROR;
				CLANG_WARN_EMPTY_BODY = YES;
				CLANG_WARN_ENUM_CONVERSION = YES;
				CLANG_WARN_INT_CONVERSION = YES;
				CLANG_WARN_OBJC_ROOT_CLASS = YES_ERROR;
				CLANG_WARN_UNREACHABLE_CODE = YES;
				CLANG_WARN__DUPLICATE_METHOD_MATCH = YES;
				"CODE_SIGN_IDENTITY[sdk=iphoneos*]" = "iPhone Developer";
				COPY_PHASE_STRIP = NO;
				ENABLE_STRICT_OBJC_MSGSEND = YES;
				GCC_C_LANGUAGE_STANDARD = gnu99;
				GCC_DYNAMIC_NO_PIC = NO;
				GCC_OPTIMIZATION_LEVEL = 0;
				GCC_PREPROCESSOR_DEFINITIONS = (
					"DEBUG=1",
					"$(inherited)",
				);
				GCC_SYMBOLS_PRIVATE_EXTERN = NO;
				GCC_WARN_64_TO_32_BIT_CONVERSION = YES;
				GCC_WARN_ABOUT_RETURN_TYPE = YES_ERROR;
				GCC_WARN_UNDECLARED_SELECTOR = YES;
				GCC_WARN_UNINITIALIZED_AUTOS = YES_AGGRESSIVE;
				GCC_WARN_UNUSED_FUNCTION = YES;
				GCC_WARN_UNUSED_VARIABLE = YES;
				IPHONEOS_DEPLOYMENT_TARGET = 8.1;
				MTL_ENABLE_DEBUG_INFO = YES;
				ONLY_ACTIVE_ARCH = YES;
				SDKROOT = iphoneos;
				SWIFT_OPTIMIZATION_LEVEL = "-Onone";
			};
			name = Debug;
		};
		EC4EFAD61A7FBE5000F3A2F8 /* Release */ = {
			isa = XCBuildConfiguration;
			buildSettings = {
				ALWAYS_SEARCH_USER_PATHS = NO;
				CLANG_CXX_LANGUAGE_STANDARD = "gnu++0x";
				CLANG_CXX_LIBRARY = "libc++";
				CLANG_ENABLE_MODULES = YES;
				CLANG_ENABLE_OBJC_ARC = YES;
				CLANG_WARN_BOOL_CONVERSION = YES;
				CLANG_WARN_CONSTANT_CONVERSION = YES;
				CLANG_WARN_DIRECT_OBJC_ISA_USAGE = YES_ERROR;
				CLANG_WARN_EMPTY_BODY = YES;
				CLANG_WARN_ENUM_CONVERSION = YES;
				CLANG_WARN_INT_CONVERSION = YES;
				CLANG_WARN_OBJC_ROOT_CLASS = YES_ERROR;
				CLANG_WARN_UNREACHABLE_CODE = YES;
				CLANG_WARN__DUPLICATE_METHOD_MATCH = YES;
				"CODE_SIGN_IDENTITY[sdk=iphoneos*]" = "iPhone Developer";
				COPY_PHASE_STRIP = YES;
				ENABLE_NS_ASSERTIONS = NO;
				ENABLE_STRICT_OBJC_MSGSEND = YES;
				GCC_C_LANGUAGE_STANDARD = gnu99;
				GCC_WARN_64_TO_32_BIT_CONVERSION = YES;
				GCC_WARN_ABOUT_RETURN_TYPE = YES_ERROR;
				GCC_WARN_UNDECLARED_SELECTOR = YES;
				GCC_WARN_UNINITIALIZED_AUTOS = YES_AGGRESSIVE;
				GCC_WARN_UNUSED_FUNCTION = YES;
				GCC_WARN_UNUSED_VARIABLE = YES;
				IPHONEOS_DEPLOYMENT_TARGET = 8.1;
				MTL_ENABLE_DEBUG_INFO = NO;
				SDKROOT = iphoneos;
				VALIDATE_PRODUCT = YES;
			};
			name = Release;
		};
		EC4EFAD81A7FBE5000F3A2F8 /* Debug */ = {
			isa = XCBuildConfiguration;
			buildSettings = {
				ASSETCATALOG_COMPILER_APPICON_NAME = AppIcon;
				INFOPLIST_FILE = Maps/Info.plist;
				LD_RUNPATH_SEARCH_PATHS = "$(inherited) @executable_path/Frameworks";
				PRODUCT_NAME = "$(TARGET_NAME)";
			};
			name = Debug;
		};
		EC4EFAD91A7FBE5000F3A2F8 /* Release */ = {
			isa = XCBuildConfiguration;
			buildSettings = {
				ASSETCATALOG_COMPILER_APPICON_NAME = AppIcon;
				INFOPLIST_FILE = Maps/Info.plist;
				LD_RUNPATH_SEARCH_PATHS = "$(inherited) @executable_path/Frameworks";
				PRODUCT_NAME = "$(TARGET_NAME)";
			};
			name = Release;
		};
		EC4EFADB1A7FBE5000F3A2F8 /* Debug */ = {
			isa = XCBuildConfiguration;
			buildSettings = {
				BUNDLE_LOADER = "$(TEST_HOST)";
				FRAMEWORK_SEARCH_PATHS = (
					"$(SDKROOT)/Developer/Library/Frameworks",
					"$(inherited)",
				);
				GCC_PREPROCESSOR_DEFINITIONS = (
					"DEBUG=1",
					"$(inherited)",
				);
				INFOPLIST_FILE = MapsTests/Info.plist;
				LD_RUNPATH_SEARCH_PATHS = "$(inherited) @executable_path/Frameworks @loader_path/Frameworks";
				PRODUCT_NAME = "$(TARGET_NAME)";
				TEST_HOST = "$(BUILT_PRODUCTS_DIR)/Maps.app/Maps";
			};
			name = Debug;
		};
		EC4EFADC1A7FBE5000F3A2F8 /* Release */ = {
			isa = XCBuildConfiguration;
			buildSettings = {
				BUNDLE_LOADER = "$(TEST_HOST)";
				FRAMEWORK_SEARCH_PATHS = (
					"$(SDKROOT)/Developer/Library/Frameworks",
					"$(inherited)",
				);
				INFOPLIST_FILE = MapsTests/Info.plist;
				LD_RUNPATH_SEARCH_PATHS = "$(inherited) @executable_path/Frameworks @loader_path/Frameworks";
				PRODUCT_NAME = "$(TARGET_NAME)";
				TEST_HOST = "$(BUILT_PRODUCTS_DIR)/Maps.app/Maps";
			};
			name = Release;
		};
/* End XCBuildConfiguration section */

/* Begin XCConfigurationList section */
		EC4EFAB31A7FBE5000F3A2F8 /* Build configuration list for PBXProject "Maps" */ = {
			isa = XCConfigurationList;
			buildConfigurations = (
				EC4EFAD51A7FBE5000F3A2F8 /* Debug */,
				EC4EFAD61A7FBE5000F3A2F8 /* Release */,
			);
			defaultConfigurationIsVisible = 0;
			defaultConfigurationName = Release;
		};
		EC4EFAD71A7FBE5000F3A2F8 /* Build configuration list for PBXNativeTarget "Maps" */ = {
			isa = XCConfigurationList;
			buildConfigurations = (
				EC4EFAD81A7FBE5000F3A2F8 /* Debug */,
				EC4EFAD91A7FBE5000F3A2F8 /* Release */,
			);
			defaultConfigurationIsVisible = 0;
		};
		EC4EFADA1A7FBE5000F3A2F8 /* Build configuration list for PBXNativeTarget "MapsTests" */ = {
			isa = XCConfigurationList;
			buildConfigurations = (
				EC4EFADB1A7FBE5000F3A2F8 /* Debug */,
				EC4EFADC1A7FBE5000F3A2F8 /* Release */,
			);
			defaultConfigurationIsVisible = 0;
		};
/* End XCConfigurationList section */
	};
	rootObject = EC4EFAB01A7FBE5000F3A2F8 /* Project object */;
}
