// !$*UTF8*$!
{
	archiveVersion = 1;
	classes = {
	};
	objectVersion = 46;
	objects = {

/* Begin PBXBuildFile section */
		EC263A9E1A93BDEA00BEEDF2 /* AppDelegate.swift in Sources */ = {isa = PBXBuildFile; fileRef = EC263A9D1A93BDEA00BEEDF2 /* AppDelegate.swift */; };
		EC263AA01A93BDEA00BEEDF2 /* ViewController.swift in Sources */ = {isa = PBXBuildFile; fileRef = EC263A9F1A93BDEA00BEEDF2 /* ViewController.swift */; };
		EC263AA31A93BDEA00BEEDF2 /* Main.storyboard in Resources */ = {isa = PBXBuildFile; fileRef = EC263AA11A93BDEA00BEEDF2 /* Main.storyboard */; };
		EC263AA51A93BDEA00BEEDF2 /* Images.xcassets in Resources */ = {isa = PBXBuildFile; fileRef = EC263AA41A93BDEA00BEEDF2 /* Images.xcassets */; };
		EC263AA81A93BDEA00BEEDF2 /* LaunchScreen.xib in Resources */ = {isa = PBXBuildFile; fileRef = EC263AA61A93BDEA00BEEDF2 /* LaunchScreen.xib */; };
		EC263AB41A93BDEA00BEEDF2 /* RailsRequestTests.swift in Sources */ = {isa = PBXBuildFile; fileRef = EC263AB31A93BDEA00BEEDF2 /* RailsRequestTests.swift */; };
		EC263ABE1A93BE3300BEEDF2 /* API.swift in Sources */ = {isa = PBXBuildFile; fileRef = EC263ABD1A93BE3300BEEDF2 /* API.swift */; };
		EC29D8711AAB329F00BB15D6 /* Camera.storyboard in Resources */ = {isa = PBXBuildFile; fileRef = EC29D8701AAB329F00BB15D6 /* Camera.storyboard */; };
/* End PBXBuildFile section */

/* Begin PBXContainerItemProxy section */
		EC263AAE1A93BDEA00BEEDF2 /* PBXContainerItemProxy */ = {
			isa = PBXContainerItemProxy;
			containerPortal = EC263A901A93BDE900BEEDF2 /* Project object */;
			proxyType = 1;
			remoteGlobalIDString = EC263A971A93BDEA00BEEDF2;
			remoteInfo = RailsRequest;
		};
/* End PBXContainerItemProxy section */

/* Begin PBXFileReference section */
		EC263A981A93BDEA00BEEDF2 /* RailsRequest.app */ = {isa = PBXFileReference; explicitFileType = wrapper.application; includeInIndex = 0; path = RailsRequest.app; sourceTree = BUILT_PRODUCTS_DIR; };
		EC263A9C1A93BDEA00BEEDF2 /* Info.plist */ = {isa = PBXFileReference; lastKnownFileType = text.plist.xml; path = Info.plist; sourceTree = "<group>"; };
		EC263A9D1A93BDEA00BEEDF2 /* AppDelegate.swift */ = {isa = PBXFileReference; lastKnownFileType = sourcecode.swift; path = AppDelegate.swift; sourceTree = "<group>"; };
		EC263A9F1A93BDEA00BEEDF2 /* ViewController.swift */ = {isa = PBXFileReference; lastKnownFileType = sourcecode.swift; path = ViewController.swift; sourceTree = "<group>"; };
		EC263AA21A93BDEA00BEEDF2 /* Base */ = {isa = PBXFileReference; lastKnownFileType = file.storyboard; name = Base; path = Base.lproj/Main.storyboard; sourceTree = "<group>"; };
		EC263AA41A93BDEA00BEEDF2 /* Images.xcassets */ = {isa = PBXFileReference; lastKnownFileType = folder.assetcatalog; path = Images.xcassets; sourceTree = "<group>"; };
		EC263AA71A93BDEA00BEEDF2 /* Base */ = {isa = PBXFileReference; lastKnownFileType = file.xib; name = Base; path = Base.lproj/LaunchScreen.xib; sourceTree = "<group>"; };
		EC263AAD1A93BDEA00BEEDF2 /* RailsRequestTests.xctest */ = {isa = PBXFileReference; explicitFileType = wrapper.cfbundle; includeInIndex = 0; path = RailsRequestTests.xctest; sourceTree = BUILT_PRODUCTS_DIR; };
		EC263AB21A93BDEA00BEEDF2 /* Info.plist */ = {isa = PBXFileReference; lastKnownFileType = text.plist.xml; path = Info.plist; sourceTree = "<group>"; };
		EC263AB31A93BDEA00BEEDF2 /* RailsRequestTests.swift */ = {isa = PBXFileReference; lastKnownFileType = sourcecode.swift; path = RailsRequestTests.swift; sourceTree = "<group>"; };
		EC263ABD1A93BE3300BEEDF2 /* API.swift */ = {isa = PBXFileReference; fileEncoding = 4; lastKnownFileType = sourcecode.swift; path = API.swift; sourceTree = "<group>"; };
		EC29D8701AAB329F00BB15D6 /* Camera.storyboard */ = {isa = PBXFileReference; fileEncoding = 4; lastKnownFileType = file.storyboard; path = Camera.storyboard; sourceTree = "<group>"; };
/* End PBXFileReference section */

/* Begin PBXFrameworksBuildPhase section */
		EC263A951A93BDEA00BEEDF2 /* Frameworks */ = {
			isa = PBXFrameworksBuildPhase;
			buildActionMask = 2147483647;
			files = (
			);
			runOnlyForDeploymentPostprocessing = 0;
		};
		EC263AAA1A93BDEA00BEEDF2 /* Frameworks */ = {
			isa = PBXFrameworksBuildPhase;
			buildActionMask = 2147483647;
			files = (
			);
			runOnlyForDeploymentPostprocessing = 0;
		};
/* End PBXFrameworksBuildPhase section */

/* Begin PBXGroup section */
		EC263A8F1A93BDE900BEEDF2 = {
			isa = PBXGroup;
			children = (
				EC263A9A1A93BDEA00BEEDF2 /* RailsRequest */,
				EC263AB01A93BDEA00BEEDF2 /* RailsRequestTests */,
				EC263A991A93BDEA00BEEDF2 /* Products */,
			);
			sourceTree = "<group>";
		};
		EC263A991A93BDEA00BEEDF2 /* Products */ = {
			isa = PBXGroup;
			children = (
				EC263A981A93BDEA00BEEDF2 /* RailsRequest.app */,
				EC263AAD1A93BDEA00BEEDF2 /* RailsRequestTests.xctest */,
			);
			name = Products;
			sourceTree = "<group>";
		};
		EC263A9A1A93BDEA00BEEDF2 /* RailsRequest */ = {
			isa = PBXGroup;
			children = (
				EC263A9D1A93BDEA00BEEDF2 /* AppDelegate.swift */,
				EC263A9F1A93BDEA00BEEDF2 /* ViewController.swift */,
				EC263AA11A93BDEA00BEEDF2 /* Main.storyboard */,
				EC263AA41A93BDEA00BEEDF2 /* Images.xcassets */,
				EC263AA61A93BDEA00BEEDF2 /* LaunchScreen.xib */,
				EC263A9B1A93BDEA00BEEDF2 /* Supporting Files */,
				EC263ABD1A93BE3300BEEDF2 /* API.swift */,
				EC29D8701AAB329F00BB15D6 /* Camera.storyboard */,
			);
			path = RailsRequest;
			sourceTree = "<group>";
		};
		EC263A9B1A93BDEA00BEEDF2 /* Supporting Files */ = {
			isa = PBXGroup;
			children = (
				EC263A9C1A93BDEA00BEEDF2 /* Info.plist */,
			);
			name = "Supporting Files";
			sourceTree = "<group>";
		};
		EC263AB01A93BDEA00BEEDF2 /* RailsRequestTests */ = {
			isa = PBXGroup;
			children = (
				EC263AB31A93BDEA00BEEDF2 /* RailsRequestTests.swift */,
				EC263AB11A93BDEA00BEEDF2 /* Supporting Files */,
			);
			path = RailsRequestTests;
			sourceTree = "<group>";
		};
		EC263AB11A93BDEA00BEEDF2 /* Supporting Files */ = {
			isa = PBXGroup;
			children = (
				EC263AB21A93BDEA00BEEDF2 /* Info.plist */,
			);
			name = "Supporting Files";
			sourceTree = "<group>";
		};
/* End PBXGroup section */

/* Begin PBXNativeTarget section */
		EC263A971A93BDEA00BEEDF2 /* RailsRequest */ = {
			isa = PBXNativeTarget;
			buildConfigurationList = EC263AB71A93BDEA00BEEDF2 /* Build configuration list for PBXNativeTarget "RailsRequest" */;
			buildPhases = (
				EC263A941A93BDEA00BEEDF2 /* Sources */,
				EC263A951A93BDEA00BEEDF2 /* Frameworks */,
				EC263A961A93BDEA00BEEDF2 /* Resources */,
			);
			buildRules = (
			);
			dependencies = (
			);
			name = RailsRequest;
			productName = RailsRequest;
			productReference = EC263A981A93BDEA00BEEDF2 /* RailsRequest.app */;
			productType = "com.apple.product-type.application";
		};
		EC263AAC1A93BDEA00BEEDF2 /* RailsRequestTests */ = {
			isa = PBXNativeTarget;
			buildConfigurationList = EC263ABA1A93BDEA00BEEDF2 /* Build configuration list for PBXNativeTarget "RailsRequestTests" */;
			buildPhases = (
				EC263AA91A93BDEA00BEEDF2 /* Sources */,
				EC263AAA1A93BDEA00BEEDF2 /* Frameworks */,
				EC263AAB1A93BDEA00BEEDF2 /* Resources */,
			);
			buildRules = (
			);
			dependencies = (
				EC263AAF1A93BDEA00BEEDF2 /* PBXTargetDependency */,
			);
			name = RailsRequestTests;
			productName = RailsRequestTests;
			productReference = EC263AAD1A93BDEA00BEEDF2 /* RailsRequestTests.xctest */;
			productType = "com.apple.product-type.bundle.unit-test";
		};
/* End PBXNativeTarget section */

/* Begin PBXProject section */
		EC263A901A93BDE900BEEDF2 /* Project object */ = {
			isa = PBXProject;
			attributes = {
				LastUpgradeCheck = 0610;
				ORGANIZATIONNAME = "Proximity Viz LLC";
				TargetAttributes = {
					EC263A971A93BDEA00BEEDF2 = {
						CreatedOnToolsVersion = 6.1.1;
					};
					EC263AAC1A93BDEA00BEEDF2 = {
						CreatedOnToolsVersion = 6.1.1;
						TestTargetID = EC263A971A93BDEA00BEEDF2;
					};
				};
			};
			buildConfigurationList = EC263A931A93BDE900BEEDF2 /* Build configuration list for PBXProject "RailsRequest" */;
			compatibilityVersion = "Xcode 3.2";
			developmentRegion = English;
			hasScannedForEncodings = 0;
			knownRegions = (
				en,
				Base,
			);
			mainGroup = EC263A8F1A93BDE900BEEDF2;
			productRefGroup = EC263A991A93BDEA00BEEDF2 /* Products */;
			projectDirPath = "";
			projectRoot = "";
			targets = (
				EC263A971A93BDEA00BEEDF2 /* RailsRequest */,
				EC263AAC1A93BDEA00BEEDF2 /* RailsRequestTests */,
			);
		};
/* End PBXProject section */

/* Begin PBXResourcesBuildPhase section */
		EC263A961A93BDEA00BEEDF2 /* Resources */ = {
			isa = PBXResourcesBuildPhase;
			buildActionMask = 2147483647;
			files = (
				EC263AA31A93BDEA00BEEDF2 /* Main.storyboard in Resources */,
				EC29D8711AAB329F00BB15D6 /* Camera.storyboard in Resources */,
				EC263AA81A93BDEA00BEEDF2 /* LaunchScreen.xib in Resources */,
				EC263AA51A93BDEA00BEEDF2 /* Images.xcassets in Resources */,
			);
			runOnlyForDeploymentPostprocessing = 0;
		};
		EC263AAB1A93BDEA00BEEDF2 /* Resources */ = {
			isa = PBXResourcesBuildPhase;
			buildActionMask = 2147483647;
			files = (
			);
			runOnlyForDeploymentPostprocessing = 0;
		};
/* End PBXResourcesBuildPhase section */

/* Begin PBXSourcesBuildPhase section */
		EC263A941A93BDEA00BEEDF2 /* Sources */ = {
			isa = PBXSourcesBuildPhase;
			buildActionMask = 2147483647;
			files = (
				EC263AA01A93BDEA00BEEDF2 /* ViewController.swift in Sources */,
				EC263ABE1A93BE3300BEEDF2 /* API.swift in Sources */,
				EC263A9E1A93BDEA00BEEDF2 /* AppDelegate.swift in Sources */,
			);
			runOnlyForDeploymentPostprocessing = 0;
		};
		EC263AA91A93BDEA00BEEDF2 /* Sources */ = {
			isa = PBXSourcesBuildPhase;
			buildActionMask = 2147483647;
			files = (
				EC263AB41A93BDEA00BEEDF2 /* RailsRequestTests.swift in Sources */,
			);
			runOnlyForDeploymentPostprocessing = 0;
		};
/* End PBXSourcesBuildPhase section */

/* Begin PBXTargetDependency section */
		EC263AAF1A93BDEA00BEEDF2 /* PBXTargetDependency */ = {
			isa = PBXTargetDependency;
			target = EC263A971A93BDEA00BEEDF2 /* RailsRequest */;
			targetProxy = EC263AAE1A93BDEA00BEEDF2 /* PBXContainerItemProxy */;
		};
/* End PBXTargetDependency section */

/* Begin PBXVariantGroup section */
		EC263AA11A93BDEA00BEEDF2 /* Main.storyboard */ = {
			isa = PBXVariantGroup;
			children = (
				EC263AA21A93BDEA00BEEDF2 /* Base */,
			);
			name = Main.storyboard;
			sourceTree = "<group>";
		};
		EC263AA61A93BDEA00BEEDF2 /* LaunchScreen.xib */ = {
			isa = PBXVariantGroup;
			children = (
				EC263AA71A93BDEA00BEEDF2 /* Base */,
			);
			name = LaunchScreen.xib;
			sourceTree = "<group>";
		};
/* End PBXVariantGroup section */

/* Begin XCBuildConfiguration section */
		EC263AB51A93BDEA00BEEDF2 /* Debug */ = {
			isa = XCBuildConfiguration;
			buildSettings = {
				ALWAYS_SEARCH_USER_PATHS = NO;
				CLANG_CXX_LANGUAGE_STANDARD = "gnu++0x";
				CLANG_CXX_LIBRARY = "libc++";
				CLANG_ENABLE_MODULES = YES;
				CLANG_ENABLE_OBJC_ARC = YES;
				CLANG_WARN_BOOL_CONVERSION = YES;
				CLANG_WARN_CONSTANT_CONVERSION = YES;
				CLANG_WARN_DIRECT_OBJC_ISA_USAGE = YES_ERROR;
				CLANG_WARN_EMPTY_BODY = YES;
				CLANG_WARN_ENUM_CONVERSION = YES;
				CLANG_WARN_INT_CONVERSION = YES;
				CLANG_WARN_OBJC_ROOT_CLASS = YES_ERROR;
				CLANG_WARN_UNREACHABLE_CODE = YES;
				CLANG_WARN__DUPLICATE_METHOD_MATCH = YES;
				"CODE_SIGN_IDENTITY[sdk=iphoneos*]" = "iPhone Developer";
				COPY_PHASE_STRIP = NO;
				ENABLE_STRICT_OBJC_MSGSEND = YES;
				GCC_C_LANGUAGE_STANDARD = gnu99;
				GCC_DYNAMIC_NO_PIC = NO;
				GCC_OPTIMIZATION_LEVEL = 0;
				GCC_PREPROCESSOR_DEFINITIONS = (
					"DEBUG=1",
					"$(inherited)",
				);
				GCC_SYMBOLS_PRIVATE_EXTERN = NO;
				GCC_WARN_64_TO_32_BIT_CONVERSION = YES;
				GCC_WARN_ABOUT_RETURN_TYPE = YES_ERROR;
				GCC_WARN_UNDECLARED_SELECTOR = YES;
				GCC_WARN_UNINITIALIZED_AUTOS = YES_AGGRESSIVE;
				GCC_WARN_UNUSED_FUNCTION = YES;
				GCC_WARN_UNUSED_VARIABLE = YES;
				IPHONEOS_DEPLOYMENT_TARGET = 8.1;
				MTL_ENABLE_DEBUG_INFO = YES;
				ONLY_ACTIVE_ARCH = YES;
				SDKROOT = iphoneos;
				SWIFT_OPTIMIZATION_LEVEL = "-Onone";
			};
			name = Debug;
		};
		EC263AB61A93BDEA00BEEDF2 /* Release */ = {
			isa = XCBuildConfiguration;
			buildSettings = {
				ALWAYS_SEARCH_USER_PATHS = NO;
				CLANG_CXX_LANGUAGE_STANDARD = "gnu++0x";
				CLANG_CXX_LIBRARY = "libc++";
				CLANG_ENABLE_MODULES = YES;
				CLANG_ENABLE_OBJC_ARC = YES;
				CLANG_WARN_BOOL_CONVERSION = YES;
				CLANG_WARN_CONSTANT_CONVERSION = YES;
				CLANG_WARN_DIRECT_OBJC_ISA_USAGE = YES_ERROR;
				CLANG_WARN_EMPTY_BODY = YES;
				CLANG_WARN_ENUM_CONVERSION = YES;
				CLANG_WARN_INT_CONVERSION = YES;
				CLANG_WARN_OBJC_ROOT_CLASS = YES_ERROR;
				CLANG_WARN_UNREACHABLE_CODE = YES;
				CLANG_WARN__DUPLICATE_METHOD_MATCH = YES;
				"CODE_SIGN_IDENTITY[sdk=iphoneos*]" = "iPhone Developer";
				COPY_PHASE_STRIP = YES;
				ENABLE_NS_ASSERTIONS = NO;
				ENABLE_STRICT_OBJC_MSGSEND = YES;
				GCC_C_LANGUAGE_STANDARD = gnu99;
				GCC_WARN_64_TO_32_BIT_CONVERSION = YES;
				GCC_WARN_ABOUT_RETURN_TYPE = YES_ERROR;
				GCC_WARN_UNDECLARED_SELECTOR = YES;
				GCC_WARN_UNINITIALIZED_AUTOS = YES_AGGRESSIVE;
				GCC_WARN_UNUSED_FUNCTION = YES;
				GCC_WARN_UNUSED_VARIABLE = YES;
				IPHONEOS_DEPLOYMENT_TARGET = 8.1;
				MTL_ENABLE_DEBUG_INFO = NO;
				SDKROOT = iphoneos;
				VALIDATE_PRODUCT = YES;
			};
			name = Release;
		};
		EC263AB81A93BDEA00BEEDF2 /* Debug */ = {
			isa = XCBuildConfiguration;
			buildSettings = {
				ASSETCATALOG_COMPILER_APPICON_NAME = AppIcon;
				INFOPLIST_FILE = RailsRequest/Info.plist;
				LD_RUNPATH_SEARCH_PATHS = "$(inherited) @executable_path/Frameworks";
				PRODUCT_NAME = "$(TARGET_NAME)";
			};
			name = Debug;
		};
		EC263AB91A93BDEA00BEEDF2 /* Release */ = {
			isa = XCBuildConfiguration;
			buildSettings = {
				ASSETCATALOG_COMPILER_APPICON_NAME = AppIcon;
				INFOPLIST_FILE = RailsRequest/Info.plist;
				LD_RUNPATH_SEARCH_PATHS = "$(inherited) @executable_path/Frameworks";
				PRODUCT_NAME = "$(TARGET_NAME)";
			};
			name = Release;
		};
		EC263ABB1A93BDEA00BEEDF2 /* Debug */ = {
			isa = XCBuildConfiguration;
			buildSettings = {
				BUNDLE_LOADER = "$(TEST_HOST)";
				FRAMEWORK_SEARCH_PATHS = (
					"$(SDKROOT)/Developer/Library/Frameworks",
					"$(inherited)",
				);
				GCC_PREPROCESSOR_DEFINITIONS = (
					"DEBUG=1",
					"$(inherited)",
				);
				INFOPLIST_FILE = RailsRequestTests/Info.plist;
				LD_RUNPATH_SEARCH_PATHS = "$(inherited) @executable_path/Frameworks @loader_path/Frameworks";
				PRODUCT_NAME = "$(TARGET_NAME)";
				TEST_HOST = "$(BUILT_PRODUCTS_DIR)/RailsRequest.app/RailsRequest";
			};
			name = Debug;
		};
		EC263ABC1A93BDEA00BEEDF2 /* Release */ = {
			isa = XCBuildConfiguration;
			buildSettings = {
				BUNDLE_LOADER = "$(TEST_HOST)";
				FRAMEWORK_SEARCH_PATHS = (
					"$(SDKROOT)/Developer/Library/Frameworks",
					"$(inherited)",
				);
				INFOPLIST_FILE = RailsRequestTests/Info.plist;
				LD_RUNPATH_SEARCH_PATHS = "$(inherited) @executable_path/Frameworks @loader_path/Frameworks";
				PRODUCT_NAME = "$(TARGET_NAME)";
				TEST_HOST = "$(BUILT_PRODUCTS_DIR)/RailsRequest.app/RailsRequest";
			};
			name = Release;
		};
/* End XCBuildConfiguration section */

/* Begin XCConfigurationList section */
		EC263A931A93BDE900BEEDF2 /* Build configuration list for PBXProject "RailsRequest" */ = {
			isa = XCConfigurationList;
			buildConfigurations = (
				EC263AB51A93BDEA00BEEDF2 /* Debug */,
				EC263AB61A93BDEA00BEEDF2 /* Release */,
			);
			defaultConfigurationIsVisible = 0;
			defaultConfigurationName = Release;
		};
		EC263AB71A93BDEA00BEEDF2 /* Build configuration list for PBXNativeTarget "RailsRequest" */ = {
			isa = XCConfigurationList;
			buildConfigurations = (
				EC263AB81A93BDEA00BEEDF2 /* Debug */,
				EC263AB91A93BDEA00BEEDF2 /* Release */,
			);
			defaultConfigurationIsVisible = 0;
			defaultConfigurationName = Release;
		};
		EC263ABA1A93BDEA00BEEDF2 /* Build configuration list for PBXNativeTarget "RailsRequestTests" */ = {
			isa = XCConfigurationList;
			buildConfigurations = (
				EC263ABB1A93BDEA00BEEDF2 /* Debug */,
				EC263ABC1A93BDEA00BEEDF2 /* Release */,
			);
			defaultConfigurationIsVisible = 0;
			defaultConfigurationName = Release;
		};
/* End XCConfigurationList section */
	};
	rootObject = EC263A901A93BDE900BEEDF2 /* Project object */;
}
